// !$*UTF8*$!
{
	archiveVersion = 1;
	classes = {
	};
	objectVersion = 50;
	objects = {

/* Begin PBXBuildFile section */
		744BDF5326B1891300F6833C /* SubtitleTableViewCell.swift in Sources */ = {isa = PBXBuildFile; fileRef = 744BDF5126B1891300F6833C /* SubtitleTableViewCell.swift */; };
		744BDF5426B1891400F6833C /* SubtitleTableViewCell.xib in Resources */ = {isa = PBXBuildFile; fileRef = 744BDF5226B1891300F6833C /* SubtitleTableViewCell.xib */; };
		744BDF5726B18B9000F6833C /* MedaliListTableViewCell.swift in Sources */ = {isa = PBXBuildFile; fileRef = 744BDF5526B18B9000F6833C /* MedaliListTableViewCell.swift */; };
		744BDF5826B18B9000F6833C /* MedaliListTableViewCell.xib in Resources */ = {isa = PBXBuildFile; fileRef = 744BDF5626B18B9000F6833C /* MedaliListTableViewCell.xib */; };
		744BDF5B26B1B0CF00F6833C /* MedaliListCollectionViewCell.swift in Sources */ = {isa = PBXBuildFile; fileRef = 744BDF5926B1B0CF00F6833C /* MedaliListCollectionViewCell.swift */; };
		744BDF5C26B1B0CF00F6833C /* MedaliListCollectionViewCell.xib in Resources */ = {isa = PBXBuildFile; fileRef = 744BDF5A26B1B0CF00F6833C /* MedaliListCollectionViewCell.xib */; };
		744BDF5E26BAD4A800F6833C /* TipsList.storyboard in Resources */ = {isa = PBXBuildFile; fileRef = 744BDF5D26BAD4A800F6833C /* TipsList.storyboard */; };
		981DDBD126ADD8CB00BB60F9 /* AppDelegate.swift in Sources */ = {isa = PBXBuildFile; fileRef = 9866549326ADBC7D0047D2A7 /* AppDelegate.swift */; };
		9866549626ADBC7D0047D2A7 /* SceneDelegate.swift in Sources */ = {isa = PBXBuildFile; fileRef = 9866549526ADBC7D0047D2A7 /* SceneDelegate.swift */; };
		9866549E26ADBC7E0047D2A7 /* Papah.xcdatamodeld in Sources */ = {isa = PBXBuildFile; fileRef = 9866549C26ADBC7E0047D2A7 /* Papah.xcdatamodeld */; };
		986654A026ADBC800047D2A7 /* Assets.xcassets in Resources */ = {isa = PBXBuildFile; fileRef = 9866549F26ADBC800047D2A7 /* Assets.xcassets */; };
		986654A326ADBC800047D2A7 /* LaunchScreen.storyboard in Resources */ = {isa = PBXBuildFile; fileRef = 986654A126ADBC800047D2A7 /* LaunchScreen.storyboard */; };
		986654AE26ADBC800047D2A7 /* TipsRepositoryUnitTest.swift in Sources */ = {isa = PBXBuildFile; fileRef = 986654AD26ADBC800047D2A7 /* TipsRepositoryUnitTest.swift */; };
		986654E926ADC96D0047D2A7 /* CompletionAlert.swift in Sources */ = {isa = PBXBuildFile; fileRef = 986654E726ADC96D0047D2A7 /* CompletionAlert.swift */; };
		986654EA26ADC96D0047D2A7 /* CompletionAlert.xib in Resources */ = {isa = PBXBuildFile; fileRef = 986654E826ADC96D0047D2A7 /* CompletionAlert.xib */; };
		986654ED26ADCA240047D2A7 /* TantanganDetailTableCell.swift in Sources */ = {isa = PBXBuildFile; fileRef = 986654EB26ADCA240047D2A7 /* TantanganDetailTableCell.swift */; };
		986654EE26ADCA240047D2A7 /* TantanganDetailTableCell.xib in Resources */ = {isa = PBXBuildFile; fileRef = 986654EC26ADCA240047D2A7 /* TantanganDetailTableCell.xib */; };
		986654F026ADCA530047D2A7 /* TantanganDetail.storyboard in Resources */ = {isa = PBXBuildFile; fileRef = 986654EF26ADCA530047D2A7 /* TantanganDetail.storyboard */; };
		986654F226ADCAC00047D2A7 /* TantanganDetailController.swift in Sources */ = {isa = PBXBuildFile; fileRef = 986654F126ADCAC00047D2A7 /* TantanganDetailController.swift */; };
		986654F426ADCB430047D2A7 /* TantanganDetailViewModel.swift in Sources */ = {isa = PBXBuildFile; fileRef = 986654F326ADCB430047D2A7 /* TantanganDetailViewModel.swift */; };
		9866550726ADCD940047D2A7 /* Colors.xcassets in Resources */ = {isa = PBXBuildFile; fileRef = 9866550626ADCD940047D2A7 /* Colors.xcassets */; };
		9866550B26ADCE570047D2A7 /* MedaliDetail.storyboard in Resources */ = {isa = PBXBuildFile; fileRef = 9866550A26ADCE570047D2A7 /* MedaliDetail.storyboard */; };
		9866550F26ADCEAF0047D2A7 /* MedaliDetailViewModel.swift in Sources */ = {isa = PBXBuildFile; fileRef = 9866550E26ADCEAF0047D2A7 /* MedaliDetailViewModel.swift */; };
		9866551526ADCF010047D2A7 /* MedaliListViewModel.swift in Sources */ = {isa = PBXBuildFile; fileRef = 9866551426ADCF010047D2A7 /* MedaliListViewModel.swift */; };
		9866551F26ADCF6E0047D2A7 /* TantanganList.storyboard in Resources */ = {isa = PBXBuildFile; fileRef = 9866551E26ADCF6E0047D2A7 /* TantanganList.storyboard */; };
		9866552226ADCF830047D2A7 /* TantanganListController.swift in Sources */ = {isa = PBXBuildFile; fileRef = 9866552026ADCF830047D2A7 /* TantanganListController.swift */; };
		9866552526ADCFC30047D2A7 /* TantanganListViewModel.swift in Sources */ = {isa = PBXBuildFile; fileRef = 9866552426ADCFC30047D2A7 /* TantanganListViewModel.swift */; };
		9866552826ADCFE60047D2A7 /* TantanganRewardCell.swift in Sources */ = {isa = PBXBuildFile; fileRef = 9866552626ADCFE60047D2A7 /* TantanganRewardCell.swift */; };
		9866552C26ADD0020047D2A7 /* TantanganLevelTableCell.swift in Sources */ = {isa = PBXBuildFile; fileRef = 9866552A26ADD0020047D2A7 /* TantanganLevelTableCell.swift */; };
		98BECA2726B574AA00D2E8A3 /* EksplorListFilterCollectionTableCell.swift in Sources */ = {isa = PBXBuildFile; fileRef = 98BECA2526B574AA00D2E8A3 /* EksplorListFilterCollectionTableCell.swift */; };
		98BECA2826B574AA00D2E8A3 /* EksplorListFilterCollectionTableCell.xib in Resources */ = {isa = PBXBuildFile; fileRef = 98BECA2626B574AA00D2E8A3 /* EksplorListFilterCollectionTableCell.xib */; };
		BC14948A26B075EE00C28E62 /* TantanganLevelTableCell.xib in Resources */ = {isa = PBXBuildFile; fileRef = 9866552B26ADD0020047D2A7 /* TantanganLevelTableCell.xib */; };
		BC18594C26B6B9E900FDD552 /* MVVMController.swift in Sources */ = {isa = PBXBuildFile; fileRef = BC18594B26B6B9E900FDD552 /* MVVMController.swift */; };
		BC1F4F8326AF063E00FDC3D3 /* EksplorMapBottomSheet.swift in Sources */ = {isa = PBXBuildFile; fileRef = BC1F4F8226AF063E00FDC3D3 /* EksplorMapBottomSheet.swift */; };
		BC1F4F8526AF0C4F00FDC3D3 /* EksplorMapController+MapConfig.swift in Sources */ = {isa = PBXBuildFile; fileRef = BC1F4F8426AF0C4F00FDC3D3 /* EksplorMapController+MapConfig.swift */; };
		BC226ECE26BAE0D0002F3917 /* PreloadUserData.swift in Sources */ = {isa = PBXBuildFile; fileRef = BC226ECD26BAE0D0002F3917 /* PreloadUserData.swift */; };
		BC226ED026BAE333002F3917 /* MonthlyCPRepositoryUnitTest.swift in Sources */ = {isa = PBXBuildFile; fileRef = BC226ECF26BAE333002F3917 /* MonthlyCPRepositoryUnitTest.swift */; };
		BC226ED226BAE6ED002F3917 /* PreloadBadgeData.swift in Sources */ = {isa = PBXBuildFile; fileRef = BC226ED126BAE6ED002F3917 /* PreloadBadgeData.swift */; };
		BC226ED426BAE9E0002F3917 /* UtilsUnitTest.swift in Sources */ = {isa = PBXBuildFile; fileRef = BC226ED326BAE9E0002F3917 /* UtilsUnitTest.swift */; };
		BC2A95B726ADCE90002AD800 /* EksplorMapController.swift in Sources */ = {isa = PBXBuildFile; fileRef = BC2A95B426ADCE89002AD800 /* EksplorMapController.swift */; };
		BC2A95B826ADCE90002AD800 /* EksplorMapViewModel.swift in Sources */ = {isa = PBXBuildFile; fileRef = BC2A95B526ADCE89002AD800 /* EksplorMapViewModel.swift */; };
		BC2A95BD26ADCECE002AD800 /* EksplorDetail.storyboard in Resources */ = {isa = PBXBuildFile; fileRef = BC2A95B926ADCEBE002AD800 /* EksplorDetail.storyboard */; };
		BC2A95C226ADCEFD002AD800 /* EksplorDetailTableCell.xib in Resources */ = {isa = PBXBuildFile; fileRef = BC2A95C026ADCEFD002AD800 /* EksplorDetailTableCell.xib */; };
		BC2A95C626ADCF24002AD800 /* EksplorListViewModel.swift in Sources */ = {isa = PBXBuildFile; fileRef = BC2A95C426ADCF10002AD800 /* EksplorListViewModel.swift */; };
		BC2A95CB26ADCF4A002AD800 /* ExplorListTableCell.swift in Sources */ = {isa = PBXBuildFile; fileRef = BC2A95C926ADCF4A002AD800 /* ExplorListTableCell.swift */; };
		BC2A95D426ADCF98002AD800 /* EksplorListFilterViewModel.swift in Sources */ = {isa = PBXBuildFile; fileRef = BC2A95D326ADCF8F002AD800 /* EksplorListFilterViewModel.swift */; };
		BC2A95D526ADCF98002AD800 /* EksplorListFilterController.swift in Sources */ = {isa = PBXBuildFile; fileRef = BC2A95D126ADCF6D002AD800 /* EksplorListFilterController.swift */; };
		BC2A95D826ADCFB1002AD800 /* EksplorListFilterTableCell.swift in Sources */ = {isa = PBXBuildFile; fileRef = BC2A95D626ADCFB1002AD800 /* EksplorListFilterTableCell.swift */; };
		BC2A95D926ADCFB1002AD800 /* EksplorListFilterTableCell.xib in Resources */ = {isa = PBXBuildFile; fileRef = BC2A95D726ADCFB1002AD800 /* EksplorListFilterTableCell.xib */; };
		BC2A95DD26ADCFE6002AD800 /* TipsListController.swift in Sources */ = {isa = PBXBuildFile; fileRef = BC2A95DC26ADCFD0002AD800 /* TipsListController.swift */; };
		BC2A95DE26ADCFE6002AD800 /* TipsListViewModel.swift in Sources */ = {isa = PBXBuildFile; fileRef = BC2A95DA26ADCFD0002AD800 /* TipsListViewModel.swift */; };
		BC2A95E226ADD002002AD800 /* TipsListTableCell.swift in Sources */ = {isa = PBXBuildFile; fileRef = BC2A95E026ADD002002AD800 /* TipsListTableCell.swift */; };
		BC2A95E326ADD002002AD800 /* TipsListTableCell.xib in Resources */ = {isa = PBXBuildFile; fileRef = BC2A95E126ADD002002AD800 /* TipsListTableCell.xib */; };
		BC2A95E726ADD021002AD800 /* Homepage.storyboard in Resources */ = {isa = PBXBuildFile; fileRef = BC2A95E426ADD00D002AD800 /* Homepage.storyboard */; };
		BC2A95EC26ADD073002AD800 /* TipsDetailViewModel.swift in Sources */ = {isa = PBXBuildFile; fileRef = BC2A95EA26ADD034002AD800 /* TipsDetailViewModel.swift */; };
		BC2A95ED26ADD073002AD800 /* TipsDetailController.swift in Sources */ = {isa = PBXBuildFile; fileRef = BC2A95E926ADD034002AD800 /* TipsDetailController.swift */; };
		BC2A95F026ADD098002AD800 /* TipsDetailCollectionCell.swift in Sources */ = {isa = PBXBuildFile; fileRef = BC2A95EE26ADD098002AD800 /* TipsDetailCollectionCell.swift */; };
		BC2A95F126ADD098002AD800 /* TipsDetailCollectionCell.xib in Resources */ = {isa = PBXBuildFile; fileRef = BC2A95EF26ADD098002AD800 /* TipsDetailCollectionCell.xib */; };
		BC2A95F826ADD3B6002AD800 /* CoreDataManager.swift in Sources */ = {isa = PBXBuildFile; fileRef = BC2A95F726ADD3B6002AD800 /* CoreDataManager.swift */; };
		BC2A95FA26ADD3E8002AD800 /* Constants.swift in Sources */ = {isa = PBXBuildFile; fileRef = BC2A95F926ADD3E8002AD800 /* Constants.swift */; };
		BC2BE85D26AE82BA0067DB23 /* CommonFunction.swift in Sources */ = {isa = PBXBuildFile; fileRef = BC2BE85C26AE82BA0067DB23 /* CommonFunction.swift */; };
		BC2BE86726AE82DF0067DB23 /* UIViewController+Extension.swift in Sources */ = {isa = PBXBuildFile; fileRef = BC2BE85F26AE82DE0067DB23 /* UIViewController+Extension.swift */; };
		BC2BE86826AE82DF0067DB23 /* Date+Extension.swift in Sources */ = {isa = PBXBuildFile; fileRef = BC2BE86026AE82DE0067DB23 /* Date+Extension.swift */; };
		BC2BE86926AE82DF0067DB23 /* UILabel+Extension.swift in Sources */ = {isa = PBXBuildFile; fileRef = BC2BE86126AE82DE0067DB23 /* UILabel+Extension.swift */; };
		BC2BE86A26AE82DF0067DB23 /* TableViewCell+Extension.swift in Sources */ = {isa = PBXBuildFile; fileRef = BC2BE86226AE82DE0067DB23 /* TableViewCell+Extension.swift */; };
		BC2BE86B26AE82DF0067DB23 /* UIView+Extension.swift in Sources */ = {isa = PBXBuildFile; fileRef = BC2BE86326AE82DE0067DB23 /* UIView+Extension.swift */; };
		BC2BE86C26AE82DF0067DB23 /* String+Extension.swift in Sources */ = {isa = PBXBuildFile; fileRef = BC2BE86426AE82DE0067DB23 /* String+Extension.swift */; };
		BC2BE86D26AE82DF0067DB23 /* UIColor+Extension.swift in Sources */ = {isa = PBXBuildFile; fileRef = BC2BE86526AE82DF0067DB23 /* UIColor+Extension.swift */; };
		BC2BE86E26AE82DF0067DB23 /* UIImage+Extension.swift in Sources */ = {isa = PBXBuildFile; fileRef = BC2BE86626AE82DF0067DB23 /* UIImage+Extension.swift */; };
		BC2BE87126AE83310067DB23 /* Extension+Cell.swift in Sources */ = {isa = PBXBuildFile; fileRef = BC2BE87026AE83310067DB23 /* Extension+Cell.swift */; };
		BC2BE87326AE835A0067DB23 /* Extension+UIButton.swift in Sources */ = {isa = PBXBuildFile; fileRef = BC2BE87226AE83590067DB23 /* Extension+UIButton.swift */; };
		BC5D17F726B85F73004A7EED /* Int+Extension.swift in Sources */ = {isa = PBXBuildFile; fileRef = BC5D17F626B85F73004A7EED /* Int+Extension.swift */; };
		BC6950A426B9B0CA004D37D1 /* PreloadTipsData.swift in Sources */ = {isa = PBXBuildFile; fileRef = BC6950A326B9B0CA004D37D1 /* PreloadTipsData.swift */; };
		BC6950A626B9B11A004D37D1 /* PreloadWBKLData.swift in Sources */ = {isa = PBXBuildFile; fileRef = BC6950A526B9B11A004D37D1 /* PreloadWBKLData.swift */; };
		BC6950A726B9B169004D37D1 /* PreloadChallengeData.swift in Sources */ = {isa = PBXBuildFile; fileRef = BC2A95F626ADD3A7002AD800 /* PreloadChallengeData.swift */; };
		BC8C9B6926AE8AD80096F0E8 /* MedaliDetailController.swift in Sources */ = {isa = PBXBuildFile; fileRef = 9866550C26ADCE780047D2A7 /* MedaliDetailController.swift */; };
		BC8C9B6A26AE8AD80096F0E8 /* EksplorList.storyboard in Resources */ = {isa = PBXBuildFile; fileRef = BC2A95C526ADCF10002AD800 /* EksplorList.storyboard */; };
		BC8C9B6B26AE8AD80096F0E8 /* MedaliList.storyboard in Resources */ = {isa = PBXBuildFile; fileRef = 9866551226ADCEEF0047D2A7 /* MedaliList.storyboard */; };
		BC8C9B6C26AE8AD80096F0E8 /* EksplorMap.storyboard in Resources */ = {isa = PBXBuildFile; fileRef = BC2A95B326ADCE89002AD800 /* EksplorMap.storyboard */; };
		BC8C9B6D26AE8AD80096F0E8 /* MedaliListController.swift in Sources */ = {isa = PBXBuildFile; fileRef = 9866551026ADCED30047D2A7 /* MedaliListController.swift */; };
		BC8C9B6E26AE8AD80096F0E8 /* EksplorListController.swift in Sources */ = {isa = PBXBuildFile; fileRef = BC2A95C326ADCF10002AD800 /* EksplorListController.swift */; };
		BC8C9B6F26AE8AD80096F0E8 /* EksplorDetailViewModel.swift in Sources */ = {isa = PBXBuildFile; fileRef = BC2A95BB26ADCEBE002AD800 /* EksplorDetailViewModel.swift */; };
		BC8C9B7026AE8AD80096F0E8 /* TipsDetail.storyboard in Resources */ = {isa = PBXBuildFile; fileRef = BC2A95E826ADD033002AD800 /* TipsDetail.storyboard */; };
		BC8C9B7126AE8AD80096F0E8 /* EksplorDetailController.swift in Sources */ = {isa = PBXBuildFile; fileRef = BC2A95BA26ADCEBE002AD800 /* EksplorDetailController.swift */; };
		BC8C9B7226AE8AD80096F0E8 /* HomepageController.swift in Sources */ = {isa = PBXBuildFile; fileRef = BC2A95E526ADD00E002AD800 /* HomepageController.swift */; };
		BC8C9B7426AE8AFC0096F0E8 /* EksplorDetailTableCell.swift in Sources */ = {isa = PBXBuildFile; fileRef = BC2A95BF26ADCEFD002AD800 /* EksplorDetailTableCell.swift */; };
		BC8C9B7526AE8AFC0096F0E8 /* EksplorListCollectionCell.xib in Resources */ = {isa = PBXBuildFile; fileRef = BC2A95CE26ADCF65002AD800 /* EksplorListCollectionCell.xib */; };
		BC8C9B7626AE8AFC0096F0E8 /* ExplorListTableCell.xib in Resources */ = {isa = PBXBuildFile; fileRef = BC2A95CA26ADCF4A002AD800 /* ExplorListTableCell.xib */; };
		BC8C9B7726AE8AFC0096F0E8 /* EksplorListCollectionCell.swift in Sources */ = {isa = PBXBuildFile; fileRef = BC2A95CD26ADCF65002AD800 /* EksplorListCollectionCell.swift */; };
		BCA40FEF26B7AA5C003B0A85 /* EksplorDetailController+MapConfig.swift in Sources */ = {isa = PBXBuildFile; fileRef = BCA40FEE26B7AA5C003B0A85 /* EksplorDetailController+MapConfig.swift */; };
		BCAA523C26BBA517005E59F0 /* CoreDataManagerUnitTest.swift in Sources */ = {isa = PBXBuildFile; fileRef = BCAA523B26BBA517005E59F0 /* CoreDataManagerUnitTest.swift */; };
		BCB6955A26B102DE001E90F0 /* TantanganEarningCell.swift in Sources */ = {isa = PBXBuildFile; fileRef = BCB6955826B102DE001E90F0 /* TantanganEarningCell.swift */; };
		BCB6955B26B102DE001E90F0 /* TantanganEarningCell.xib in Resources */ = {isa = PBXBuildFile; fileRef = BCB6955926B102DE001E90F0 /* TantanganEarningCell.xib */; };
		BCB6955F26B1038F001E90F0 /* TantanganMonthlyCell.swift in Sources */ = {isa = PBXBuildFile; fileRef = BCB6955D26B1038F001E90F0 /* TantanganMonthlyCell.swift */; };
		BCB6956026B1038F001E90F0 /* TantanganMonthlyCell.xib in Resources */ = {isa = PBXBuildFile; fileRef = BCB6955E26B1038F001E90F0 /* TantanganMonthlyCell.xib */; };
		BCB6956326B103B9001E90F0 /* TantanganRewardHeadCell.swift in Sources */ = {isa = PBXBuildFile; fileRef = BCB6956126B103B9001E90F0 /* TantanganRewardHeadCell.swift */; };
		BCB6956626B10ABA001E90F0 /* TantanganRewardHeadCell.xib in Resources */ = {isa = PBXBuildFile; fileRef = BCB6956526B10ABA001E90F0 /* TantanganRewardHeadCell.xib */; };
		BCB6956926B1102B001E90F0 /* TantanganMonthlyHeadCell.swift in Sources */ = {isa = PBXBuildFile; fileRef = BCB6956826B1102B001E90F0 /* TantanganMonthlyHeadCell.swift */; };
		BCB6956A26B1105C001E90F0 /* TantanganMonthlyHeadCell.xib in Resources */ = {isa = PBXBuildFile; fileRef = BCB6956726B1102B001E90F0 /* TantanganMonthlyHeadCell.xib */; };
		BCB6956D26B11411001E90F0 /* TantanganRewardTablecell.swift in Sources */ = {isa = PBXBuildFile; fileRef = BCB6956B26B11410001E90F0 /* TantanganRewardTablecell.swift */; };
		BCB6956E26B11411001E90F0 /* TantanganRewardTablecell.xib in Resources */ = {isa = PBXBuildFile; fileRef = BCB6956C26B11411001E90F0 /* TantanganRewardTablecell.xib */; };
		BCCA0A0826B1167700C2DD6F /* TantanganRewardCell.xib in Resources */ = {isa = PBXBuildFile; fileRef = 9866552726ADCFE60047D2A7 /* TantanganRewardCell.xib */; };
		BCCA0A0A26B11D0E00C2DD6F /* DynamicHeightCollectionView.swift in Sources */ = {isa = PBXBuildFile; fileRef = BCCA0A0926B11D0E00C2DD6F /* DynamicHeightCollectionView.swift */; };
		BCD827B226AEFA90000C2452 /* EksplorMapController+SheetConfig.swift in Sources */ = {isa = PBXBuildFile; fileRef = BCD827B126AEFA90000C2452 /* EksplorMapController+SheetConfig.swift */; };
		BCD827B426AF0264000C2452 /* EksplorMapBottomSheet.xib in Resources */ = {isa = PBXBuildFile; fileRef = BCD827B326AF0264000C2452 /* EksplorMapBottomSheet.xib */; };
		BCE41E3E26BED46300578277 /* Localizations.strings in Resources */ = {isa = PBXBuildFile; fileRef = BCE41E4026BED46300578277 /* Localizations.strings */; };
		BCE41E4426BED4FA00578277 /* L10n.swift in Sources */ = {isa = PBXBuildFile; fileRef = BCE41E4326BED4FA00578277 /* L10n.swift */; };
		BCEE6E4F26B1BCA700D4D250 /* EksplorDetailLimbarCell.swift in Sources */ = {isa = PBXBuildFile; fileRef = BCEE6E4D26B1BCA700D4D250 /* EksplorDetailLimbarCell.swift */; };
		BCEE6E5026B1BCA700D4D250 /* EksplorDetailLimbarCell.xib in Resources */ = {isa = PBXBuildFile; fileRef = BCEE6E4E26B1BCA700D4D250 /* EksplorDetailLimbarCell.xib */; };
		BCEE6E5326B1BCB900D4D250 /* EksplorDetailEarningCell.swift in Sources */ = {isa = PBXBuildFile; fileRef = BCEE6E5126B1BCB900D4D250 /* EksplorDetailEarningCell.swift */; };
		BCEE6E5426B1BCB900D4D250 /* EksplorDetailEarningCell.xib in Resources */ = {isa = PBXBuildFile; fileRef = BCEE6E5226B1BCB900D4D250 /* EksplorDetailEarningCell.xib */; };
		BCF2A72826C0C7DE008AC916 /* UPCarouselFlowLayout.swift in Sources */ = {isa = PBXBuildFile; fileRef = BCF2A72726C0C7DE008AC916 /* UPCarouselFlowLayout.swift */; };
		BCF48A7E26B392B900E7F677 /* TipsDataRepository.swift in Sources */ = {isa = PBXBuildFile; fileRef = BCF48A7D26B392A300E7F677 /* TipsDataRepository.swift */; };
		BF1C043F26B4FB270099B6E1 /* UserDataRepository.swift in Sources */ = {isa = PBXBuildFile; fileRef = BF1C043E26B4FB270099B6E1 /* UserDataRepository.swift */; };
		BF1C044126B4FB5B0099B6E1 /* MonthlyChallengeDataRepository.swift in Sources */ = {isa = PBXBuildFile; fileRef = BF1C044026B4FB5B0099B6E1 /* MonthlyChallengeDataRepository.swift */; };
		BF1C044326B4FB700099B6E1 /* BadgeDataRepository.swift in Sources */ = {isa = PBXBuildFile; fileRef = BF1C044226B4FB700099B6E1 /* BadgeDataRepository.swift */; };
		BF55702126AFCB030029BB54 /* EksplorListFilter.storyboard in Resources */ = {isa = PBXBuildFile; fileRef = BF55702026AFCB030029BB54 /* EksplorListFilter.storyboard */; };
		BF9AD07A26B3C6D80010242D /* WbklDataRepository.swift in Sources */ = {isa = PBXBuildFile; fileRef = BF9AD07926B3C6D80010242D /* WbklDataRepository.swift */; };
		BFA4BD9B26BB487900978A23 /* PreloadUserData.swift in Sources */ = {isa = PBXBuildFile; fileRef = BFA4BD9A26BB487900978A23 /* PreloadUserData.swift */; };
/* End PBXBuildFile section */

/* Begin PBXContainerItemProxy section */
		986654AA26ADBC800047D2A7 /* PBXContainerItemProxy */ = {
			isa = PBXContainerItemProxy;
			containerPortal = 9866548826ADBC7D0047D2A7 /* Project object */;
			proxyType = 1;
			remoteGlobalIDString = 9866548F26ADBC7D0047D2A7;
			remoteInfo = Papah;
		};
/* End PBXContainerItemProxy section */

/* Begin PBXFileReference section */
		744BDF5126B1891300F6833C /* SubtitleTableViewCell.swift */ = {isa = PBXFileReference; lastKnownFileType = sourcecode.swift; path = SubtitleTableViewCell.swift; sourceTree = "<group>"; };
		744BDF5226B1891300F6833C /* SubtitleTableViewCell.xib */ = {isa = PBXFileReference; lastKnownFileType = file.xib; path = SubtitleTableViewCell.xib; sourceTree = "<group>"; };
		744BDF5526B18B9000F6833C /* MedaliListTableViewCell.swift */ = {isa = PBXFileReference; lastKnownFileType = sourcecode.swift; path = MedaliListTableViewCell.swift; sourceTree = "<group>"; };
		744BDF5626B18B9000F6833C /* MedaliListTableViewCell.xib */ = {isa = PBXFileReference; lastKnownFileType = file.xib; path = MedaliListTableViewCell.xib; sourceTree = "<group>"; };
		744BDF5926B1B0CF00F6833C /* MedaliListCollectionViewCell.swift */ = {isa = PBXFileReference; lastKnownFileType = sourcecode.swift; path = MedaliListCollectionViewCell.swift; sourceTree = "<group>"; };
		744BDF5A26B1B0CF00F6833C /* MedaliListCollectionViewCell.xib */ = {isa = PBXFileReference; lastKnownFileType = file.xib; path = MedaliListCollectionViewCell.xib; sourceTree = "<group>"; };
		744BDF5D26BAD4A800F6833C /* TipsList.storyboard */ = {isa = PBXFileReference; lastKnownFileType = file.storyboard; path = TipsList.storyboard; sourceTree = "<group>"; };
		9866549026ADBC7D0047D2A7 /* Papah.app */ = {isa = PBXFileReference; explicitFileType = wrapper.application; includeInIndex = 0; path = Papah.app; sourceTree = BUILT_PRODUCTS_DIR; };
		9866549326ADBC7D0047D2A7 /* AppDelegate.swift */ = {isa = PBXFileReference; lastKnownFileType = sourcecode.swift; path = AppDelegate.swift; sourceTree = "<group>"; };
		9866549526ADBC7D0047D2A7 /* SceneDelegate.swift */ = {isa = PBXFileReference; lastKnownFileType = sourcecode.swift; path = SceneDelegate.swift; sourceTree = "<group>"; };
		9866549D26ADBC7E0047D2A7 /* Papah.xcdatamodel */ = {isa = PBXFileReference; lastKnownFileType = wrapper.xcdatamodel; path = Papah.xcdatamodel; sourceTree = "<group>"; };
		9866549F26ADBC800047D2A7 /* Assets.xcassets */ = {isa = PBXFileReference; lastKnownFileType = folder.assetcatalog; path = Assets.xcassets; sourceTree = "<group>"; };
		986654A426ADBC800047D2A7 /* Info.plist */ = {isa = PBXFileReference; lastKnownFileType = text.plist.xml; path = Info.plist; sourceTree = "<group>"; };
		986654A926ADBC800047D2A7 /* PapahTests.xctest */ = {isa = PBXFileReference; explicitFileType = wrapper.cfbundle; includeInIndex = 0; path = PapahTests.xctest; sourceTree = BUILT_PRODUCTS_DIR; };
		986654AD26ADBC800047D2A7 /* TipsRepositoryUnitTest.swift */ = {isa = PBXFileReference; lastKnownFileType = sourcecode.swift; path = TipsRepositoryUnitTest.swift; sourceTree = "<group>"; };
		986654AF26ADBC800047D2A7 /* Info.plist */ = {isa = PBXFileReference; lastKnownFileType = text.plist.xml; path = Info.plist; sourceTree = "<group>"; };
		986654B826ADBC800047D2A7 /* PapahUITests.swift */ = {isa = PBXFileReference; lastKnownFileType = sourcecode.swift; path = PapahUITests.swift; sourceTree = "<group>"; };
		986654BA26ADBC800047D2A7 /* Info.plist */ = {isa = PBXFileReference; lastKnownFileType = text.plist.xml; path = Info.plist; sourceTree = "<group>"; };
		986654E726ADC96D0047D2A7 /* CompletionAlert.swift */ = {isa = PBXFileReference; lastKnownFileType = sourcecode.swift; path = CompletionAlert.swift; sourceTree = "<group>"; };
		986654E826ADC96D0047D2A7 /* CompletionAlert.xib */ = {isa = PBXFileReference; lastKnownFileType = file.xib; path = CompletionAlert.xib; sourceTree = "<group>"; };
		986654EB26ADCA240047D2A7 /* TantanganDetailTableCell.swift */ = {isa = PBXFileReference; lastKnownFileType = sourcecode.swift; path = TantanganDetailTableCell.swift; sourceTree = "<group>"; };
		986654EC26ADCA240047D2A7 /* TantanganDetailTableCell.xib */ = {isa = PBXFileReference; lastKnownFileType = file.xib; path = TantanganDetailTableCell.xib; sourceTree = "<group>"; };
		986654EF26ADCA530047D2A7 /* TantanganDetail.storyboard */ = {isa = PBXFileReference; lastKnownFileType = file.storyboard; path = TantanganDetail.storyboard; sourceTree = "<group>"; };
		986654F126ADCAC00047D2A7 /* TantanganDetailController.swift */ = {isa = PBXFileReference; lastKnownFileType = sourcecode.swift; path = TantanganDetailController.swift; sourceTree = "<group>"; };
		986654F326ADCB430047D2A7 /* TantanganDetailViewModel.swift */ = {isa = PBXFileReference; lastKnownFileType = sourcecode.swift; path = TantanganDetailViewModel.swift; sourceTree = "<group>"; };
		9866550626ADCD940047D2A7 /* Colors.xcassets */ = {isa = PBXFileReference; lastKnownFileType = folder.assetcatalog; path = Colors.xcassets; sourceTree = "<group>"; };
		9866550926ADCDCD0047D2A7 /* s.swift */ = {isa = PBXFileReference; lastKnownFileType = sourcecode.swift; path = s.swift; sourceTree = "<group>"; };
		9866550A26ADCE570047D2A7 /* MedaliDetail.storyboard */ = {isa = PBXFileReference; lastKnownFileType = file.storyboard; path = MedaliDetail.storyboard; sourceTree = "<group>"; };
		9866550C26ADCE780047D2A7 /* MedaliDetailController.swift */ = {isa = PBXFileReference; lastKnownFileType = sourcecode.swift; path = MedaliDetailController.swift; sourceTree = "<group>"; };
		9866550E26ADCEAF0047D2A7 /* MedaliDetailViewModel.swift */ = {isa = PBXFileReference; lastKnownFileType = sourcecode.swift; path = MedaliDetailViewModel.swift; sourceTree = "<group>"; };
		9866551026ADCED30047D2A7 /* MedaliListController.swift */ = {isa = PBXFileReference; lastKnownFileType = sourcecode.swift; path = MedaliListController.swift; sourceTree = "<group>"; };
		9866551226ADCEEF0047D2A7 /* MedaliList.storyboard */ = {isa = PBXFileReference; lastKnownFileType = file.storyboard; path = MedaliList.storyboard; sourceTree = "<group>"; };
		9866551426ADCF010047D2A7 /* MedaliListViewModel.swift */ = {isa = PBXFileReference; lastKnownFileType = sourcecode.swift; path = MedaliListViewModel.swift; sourceTree = "<group>"; };
		9866551E26ADCF6E0047D2A7 /* TantanganList.storyboard */ = {isa = PBXFileReference; lastKnownFileType = file.storyboard; path = TantanganList.storyboard; sourceTree = "<group>"; };
		9866552026ADCF830047D2A7 /* TantanganListController.swift */ = {isa = PBXFileReference; lastKnownFileType = sourcecode.swift; path = TantanganListController.swift; sourceTree = "<group>"; };
		9866552426ADCFC30047D2A7 /* TantanganListViewModel.swift */ = {isa = PBXFileReference; lastKnownFileType = sourcecode.swift; path = TantanganListViewModel.swift; sourceTree = "<group>"; };
		9866552626ADCFE60047D2A7 /* TantanganRewardCell.swift */ = {isa = PBXFileReference; lastKnownFileType = sourcecode.swift; path = TantanganRewardCell.swift; sourceTree = "<group>"; };
		9866552726ADCFE60047D2A7 /* TantanganRewardCell.xib */ = {isa = PBXFileReference; lastKnownFileType = file.xib; path = TantanganRewardCell.xib; sourceTree = "<group>"; };
		9866552A26ADD0020047D2A7 /* TantanganLevelTableCell.swift */ = {isa = PBXFileReference; lastKnownFileType = sourcecode.swift; path = TantanganLevelTableCell.swift; sourceTree = "<group>"; };
		9866552B26ADD0020047D2A7 /* TantanganLevelTableCell.xib */ = {isa = PBXFileReference; lastKnownFileType = file.xib; path = TantanganLevelTableCell.xib; sourceTree = "<group>"; };
		98BECA2526B574AA00D2E8A3 /* EksplorListFilterCollectionTableCell.swift */ = {isa = PBXFileReference; lastKnownFileType = sourcecode.swift; path = EksplorListFilterCollectionTableCell.swift; sourceTree = "<group>"; };
		98BECA2626B574AA00D2E8A3 /* EksplorListFilterCollectionTableCell.xib */ = {isa = PBXFileReference; lastKnownFileType = file.xib; path = EksplorListFilterCollectionTableCell.xib; sourceTree = "<group>"; };
		BC18594B26B6B9E900FDD552 /* MVVMController.swift */ = {isa = PBXFileReference; lastKnownFileType = sourcecode.swift; path = MVVMController.swift; sourceTree = "<group>"; };
		BC1F4F8226AF063E00FDC3D3 /* EksplorMapBottomSheet.swift */ = {isa = PBXFileReference; lastKnownFileType = sourcecode.swift; path = EksplorMapBottomSheet.swift; sourceTree = "<group>"; };
		BC1F4F8426AF0C4F00FDC3D3 /* EksplorMapController+MapConfig.swift */ = {isa = PBXFileReference; lastKnownFileType = sourcecode.swift; path = "EksplorMapController+MapConfig.swift"; sourceTree = "<group>"; };
		BC226ECC26BADCFE002F3917 /* LocationSample.gpx */ = {isa = PBXFileReference; lastKnownFileType = text.xml; path = LocationSample.gpx; sourceTree = "<group>"; };
		BC226ECD26BAE0D0002F3917 /* PreloadUserData.swift */ = {isa = PBXFileReference; lastKnownFileType = sourcecode.swift; path = PreloadUserData.swift; sourceTree = "<group>"; };
		BC226ECF26BAE333002F3917 /* MonthlyCPRepositoryUnitTest.swift */ = {isa = PBXFileReference; lastKnownFileType = sourcecode.swift; path = MonthlyCPRepositoryUnitTest.swift; sourceTree = "<group>"; };
		BC226ED126BAE6ED002F3917 /* PreloadBadgeData.swift */ = {isa = PBXFileReference; lastKnownFileType = sourcecode.swift; path = PreloadBadgeData.swift; sourceTree = "<group>"; };
		BC226ED326BAE9E0002F3917 /* UtilsUnitTest.swift */ = {isa = PBXFileReference; lastKnownFileType = sourcecode.swift; path = UtilsUnitTest.swift; sourceTree = "<group>"; };
		BC2A95B326ADCE89002AD800 /* EksplorMap.storyboard */ = {isa = PBXFileReference; lastKnownFileType = file.storyboard; path = EksplorMap.storyboard; sourceTree = "<group>"; };
		BC2A95B426ADCE89002AD800 /* EksplorMapController.swift */ = {isa = PBXFileReference; lastKnownFileType = sourcecode.swift; path = EksplorMapController.swift; sourceTree = "<group>"; };
		BC2A95B526ADCE89002AD800 /* EksplorMapViewModel.swift */ = {isa = PBXFileReference; lastKnownFileType = sourcecode.swift; path = EksplorMapViewModel.swift; sourceTree = "<group>"; };
		BC2A95B926ADCEBE002AD800 /* EksplorDetail.storyboard */ = {isa = PBXFileReference; lastKnownFileType = file.storyboard; path = EksplorDetail.storyboard; sourceTree = "<group>"; };
		BC2A95BA26ADCEBE002AD800 /* EksplorDetailController.swift */ = {isa = PBXFileReference; lastKnownFileType = sourcecode.swift; path = EksplorDetailController.swift; sourceTree = "<group>"; };
		BC2A95BB26ADCEBE002AD800 /* EksplorDetailViewModel.swift */ = {isa = PBXFileReference; lastKnownFileType = sourcecode.swift; path = EksplorDetailViewModel.swift; sourceTree = "<group>"; };
		BC2A95BF26ADCEFD002AD800 /* EksplorDetailTableCell.swift */ = {isa = PBXFileReference; lastKnownFileType = sourcecode.swift; path = EksplorDetailTableCell.swift; sourceTree = "<group>"; };
		BC2A95C026ADCEFD002AD800 /* EksplorDetailTableCell.xib */ = {isa = PBXFileReference; lastKnownFileType = file.xib; path = EksplorDetailTableCell.xib; sourceTree = "<group>"; };
		BC2A95C326ADCF10002AD800 /* EksplorListController.swift */ = {isa = PBXFileReference; lastKnownFileType = sourcecode.swift; path = EksplorListController.swift; sourceTree = "<group>"; };
		BC2A95C426ADCF10002AD800 /* EksplorListViewModel.swift */ = {isa = PBXFileReference; lastKnownFileType = sourcecode.swift; path = EksplorListViewModel.swift; sourceTree = "<group>"; };
		BC2A95C526ADCF10002AD800 /* EksplorList.storyboard */ = {isa = PBXFileReference; lastKnownFileType = file.storyboard; path = EksplorList.storyboard; sourceTree = "<group>"; };
		BC2A95C926ADCF4A002AD800 /* ExplorListTableCell.swift */ = {isa = PBXFileReference; lastKnownFileType = sourcecode.swift; path = ExplorListTableCell.swift; sourceTree = "<group>"; };
		BC2A95CA26ADCF4A002AD800 /* ExplorListTableCell.xib */ = {isa = PBXFileReference; lastKnownFileType = file.xib; path = ExplorListTableCell.xib; sourceTree = "<group>"; };
		BC2A95CD26ADCF65002AD800 /* EksplorListCollectionCell.swift */ = {isa = PBXFileReference; lastKnownFileType = sourcecode.swift; path = EksplorListCollectionCell.swift; sourceTree = "<group>"; };
		BC2A95CE26ADCF65002AD800 /* EksplorListCollectionCell.xib */ = {isa = PBXFileReference; lastKnownFileType = file.xib; path = EksplorListCollectionCell.xib; sourceTree = "<group>"; };
		BC2A95D126ADCF6D002AD800 /* EksplorListFilterController.swift */ = {isa = PBXFileReference; lastKnownFileType = sourcecode.swift; path = EksplorListFilterController.swift; sourceTree = "<group>"; };
		BC2A95D326ADCF8F002AD800 /* EksplorListFilterViewModel.swift */ = {isa = PBXFileReference; lastKnownFileType = sourcecode.swift; path = EksplorListFilterViewModel.swift; sourceTree = "<group>"; };
		BC2A95D626ADCFB1002AD800 /* EksplorListFilterTableCell.swift */ = {isa = PBXFileReference; lastKnownFileType = sourcecode.swift; path = EksplorListFilterTableCell.swift; sourceTree = "<group>"; };
		BC2A95D726ADCFB1002AD800 /* EksplorListFilterTableCell.xib */ = {isa = PBXFileReference; lastKnownFileType = file.xib; path = EksplorListFilterTableCell.xib; sourceTree = "<group>"; };
		BC2A95DA26ADCFD0002AD800 /* TipsListViewModel.swift */ = {isa = PBXFileReference; lastKnownFileType = sourcecode.swift; path = TipsListViewModel.swift; sourceTree = "<group>"; };
		BC2A95DC26ADCFD0002AD800 /* TipsListController.swift */ = {isa = PBXFileReference; lastKnownFileType = sourcecode.swift; path = TipsListController.swift; sourceTree = "<group>"; };
		BC2A95E026ADD002002AD800 /* TipsListTableCell.swift */ = {isa = PBXFileReference; lastKnownFileType = sourcecode.swift; path = TipsListTableCell.swift; sourceTree = "<group>"; };
		BC2A95E126ADD002002AD800 /* TipsListTableCell.xib */ = {isa = PBXFileReference; lastKnownFileType = file.xib; path = TipsListTableCell.xib; sourceTree = "<group>"; };
		BC2A95E426ADD00D002AD800 /* Homepage.storyboard */ = {isa = PBXFileReference; lastKnownFileType = file.storyboard; path = Homepage.storyboard; sourceTree = "<group>"; };
		BC2A95E526ADD00E002AD800 /* HomepageController.swift */ = {isa = PBXFileReference; lastKnownFileType = sourcecode.swift; path = HomepageController.swift; sourceTree = "<group>"; };
		BC2A95E826ADD033002AD800 /* TipsDetail.storyboard */ = {isa = PBXFileReference; lastKnownFileType = file.storyboard; path = TipsDetail.storyboard; sourceTree = "<group>"; };
		BC2A95E926ADD034002AD800 /* TipsDetailController.swift */ = {isa = PBXFileReference; lastKnownFileType = sourcecode.swift; path = TipsDetailController.swift; sourceTree = "<group>"; wrapsLines = 0; };
		BC2A95EA26ADD034002AD800 /* TipsDetailViewModel.swift */ = {isa = PBXFileReference; lastKnownFileType = sourcecode.swift; path = TipsDetailViewModel.swift; sourceTree = "<group>"; };
		BC2A95EE26ADD098002AD800 /* TipsDetailCollectionCell.swift */ = {isa = PBXFileReference; lastKnownFileType = sourcecode.swift; path = TipsDetailCollectionCell.swift; sourceTree = "<group>"; };
		BC2A95EF26ADD098002AD800 /* TipsDetailCollectionCell.xib */ = {isa = PBXFileReference; lastKnownFileType = file.xib; path = TipsDetailCollectionCell.xib; sourceTree = "<group>"; };
		BC2A95F526ADD3A4002AD800 /* s.swift */ = {isa = PBXFileReference; lastKnownFileType = sourcecode.swift; path = s.swift; sourceTree = "<group>"; };
		BC2A95F626ADD3A7002AD800 /* PreloadChallengeData.swift */ = {isa = PBXFileReference; lastKnownFileType = sourcecode.swift; path = PreloadChallengeData.swift; sourceTree = "<group>"; };
		BC2A95F726ADD3B6002AD800 /* CoreDataManager.swift */ = {isa = PBXFileReference; fileEncoding = 4; lastKnownFileType = sourcecode.swift; path = CoreDataManager.swift; sourceTree = "<group>"; };
		BC2A95F926ADD3E8002AD800 /* Constants.swift */ = {isa = PBXFileReference; fileEncoding = 4; lastKnownFileType = sourcecode.swift; path = Constants.swift; sourceTree = "<group>"; };
		BC2AF19426ADD4A9006FFB9F /* s.swift */ = {isa = PBXFileReference; lastKnownFileType = sourcecode.swift; path = s.swift; sourceTree = "<group>"; };
		BC2BE85C26AE82BA0067DB23 /* CommonFunction.swift */ = {isa = PBXFileReference; lastKnownFileType = sourcecode.swift; path = CommonFunction.swift; sourceTree = "<group>"; };
		BC2BE85F26AE82DE0067DB23 /* UIViewController+Extension.swift */ = {isa = PBXFileReference; fileEncoding = 4; lastKnownFileType = sourcecode.swift; path = "UIViewController+Extension.swift"; sourceTree = "<group>"; };
		BC2BE86026AE82DE0067DB23 /* Date+Extension.swift */ = {isa = PBXFileReference; fileEncoding = 4; lastKnownFileType = sourcecode.swift; path = "Date+Extension.swift"; sourceTree = "<group>"; };
		BC2BE86126AE82DE0067DB23 /* UILabel+Extension.swift */ = {isa = PBXFileReference; fileEncoding = 4; lastKnownFileType = sourcecode.swift; path = "UILabel+Extension.swift"; sourceTree = "<group>"; };
		BC2BE86226AE82DE0067DB23 /* TableViewCell+Extension.swift */ = {isa = PBXFileReference; fileEncoding = 4; lastKnownFileType = sourcecode.swift; path = "TableViewCell+Extension.swift"; sourceTree = "<group>"; };
		BC2BE86326AE82DE0067DB23 /* UIView+Extension.swift */ = {isa = PBXFileReference; fileEncoding = 4; lastKnownFileType = sourcecode.swift; path = "UIView+Extension.swift"; sourceTree = "<group>"; };
		BC2BE86426AE82DE0067DB23 /* String+Extension.swift */ = {isa = PBXFileReference; fileEncoding = 4; lastKnownFileType = sourcecode.swift; path = "String+Extension.swift"; sourceTree = "<group>"; };
		BC2BE86526AE82DF0067DB23 /* UIColor+Extension.swift */ = {isa = PBXFileReference; fileEncoding = 4; lastKnownFileType = sourcecode.swift; path = "UIColor+Extension.swift"; sourceTree = "<group>"; };
		BC2BE86626AE82DF0067DB23 /* UIImage+Extension.swift */ = {isa = PBXFileReference; fileEncoding = 4; lastKnownFileType = sourcecode.swift; path = "UIImage+Extension.swift"; sourceTree = "<group>"; };
		BC2BE87026AE83310067DB23 /* Extension+Cell.swift */ = {isa = PBXFileReference; fileEncoding = 4; lastKnownFileType = sourcecode.swift; path = "Extension+Cell.swift"; sourceTree = "<group>"; };
		BC2BE87226AE83590067DB23 /* Extension+UIButton.swift */ = {isa = PBXFileReference; fileEncoding = 4; lastKnownFileType = sourcecode.swift; path = "Extension+UIButton.swift"; sourceTree = "<group>"; };
		BC5D17F626B85F73004A7EED /* Int+Extension.swift */ = {isa = PBXFileReference; lastKnownFileType = sourcecode.swift; path = "Int+Extension.swift"; sourceTree = "<group>"; };
		BC6950A326B9B0CA004D37D1 /* PreloadTipsData.swift */ = {isa = PBXFileReference; lastKnownFileType = sourcecode.swift; path = PreloadTipsData.swift; sourceTree = "<group>"; };
		BC6950A526B9B11A004D37D1 /* PreloadWBKLData.swift */ = {isa = PBXFileReference; lastKnownFileType = sourcecode.swift; path = PreloadWBKLData.swift; sourceTree = "<group>"; };
		BCA40FEE26B7AA5C003B0A85 /* EksplorDetailController+MapConfig.swift */ = {isa = PBXFileReference; lastKnownFileType = sourcecode.swift; path = "EksplorDetailController+MapConfig.swift"; sourceTree = "<group>"; };
		BCAA523B26BBA517005E59F0 /* CoreDataManagerUnitTest.swift */ = {isa = PBXFileReference; lastKnownFileType = sourcecode.swift; path = CoreDataManagerUnitTest.swift; sourceTree = "<group>"; };
		BCB6955826B102DE001E90F0 /* TantanganEarningCell.swift */ = {isa = PBXFileReference; lastKnownFileType = sourcecode.swift; path = TantanganEarningCell.swift; sourceTree = "<group>"; };
		BCB6955926B102DE001E90F0 /* TantanganEarningCell.xib */ = {isa = PBXFileReference; lastKnownFileType = file.xib; path = TantanganEarningCell.xib; sourceTree = "<group>"; };
		BCB6955D26B1038F001E90F0 /* TantanganMonthlyCell.swift */ = {isa = PBXFileReference; lastKnownFileType = sourcecode.swift; path = TantanganMonthlyCell.swift; sourceTree = "<group>"; };
		BCB6955E26B1038F001E90F0 /* TantanganMonthlyCell.xib */ = {isa = PBXFileReference; lastKnownFileType = file.xib; path = TantanganMonthlyCell.xib; sourceTree = "<group>"; };
		BCB6956126B103B9001E90F0 /* TantanganRewardHeadCell.swift */ = {isa = PBXFileReference; lastKnownFileType = sourcecode.swift; path = TantanganRewardHeadCell.swift; sourceTree = "<group>"; };
		BCB6956526B10ABA001E90F0 /* TantanganRewardHeadCell.xib */ = {isa = PBXFileReference; lastKnownFileType = file.xib; path = TantanganRewardHeadCell.xib; sourceTree = "<group>"; };
		BCB6956726B1102B001E90F0 /* TantanganMonthlyHeadCell.xib */ = {isa = PBXFileReference; lastKnownFileType = file.xib; path = TantanganMonthlyHeadCell.xib; sourceTree = "<group>"; };
		BCB6956826B1102B001E90F0 /* TantanganMonthlyHeadCell.swift */ = {isa = PBXFileReference; lastKnownFileType = sourcecode.swift; path = TantanganMonthlyHeadCell.swift; sourceTree = "<group>"; };
		BCB6956B26B11410001E90F0 /* TantanganRewardTablecell.swift */ = {isa = PBXFileReference; lastKnownFileType = sourcecode.swift; path = TantanganRewardTablecell.swift; sourceTree = "<group>"; };
		BCB6956C26B11411001E90F0 /* TantanganRewardTablecell.xib */ = {isa = PBXFileReference; lastKnownFileType = file.xib; path = TantanganRewardTablecell.xib; sourceTree = "<group>"; };
		BCCA0A0926B11D0E00C2DD6F /* DynamicHeightCollectionView.swift */ = {isa = PBXFileReference; lastKnownFileType = sourcecode.swift; path = DynamicHeightCollectionView.swift; sourceTree = "<group>"; };
		BCD827B126AEFA90000C2452 /* EksplorMapController+SheetConfig.swift */ = {isa = PBXFileReference; lastKnownFileType = sourcecode.swift; path = "EksplorMapController+SheetConfig.swift"; sourceTree = "<group>"; };
		BCD827B326AF0264000C2452 /* EksplorMapBottomSheet.xib */ = {isa = PBXFileReference; lastKnownFileType = file.xib; path = EksplorMapBottomSheet.xib; sourceTree = "<group>"; };
		BCE41E3A26BED42300578277 /* Base */ = {isa = PBXFileReference; lastKnownFileType = file.storyboard; name = Base; path = Base.lproj/LaunchScreen.storyboard; sourceTree = "<group>"; };
		BCE41E3F26BED46300578277 /* en */ = {isa = PBXFileReference; lastKnownFileType = text.plist.strings; name = en; path = en.lproj/Localizations.strings; sourceTree = "<group>"; };
		BCE41E4126BED47100578277 /* id */ = {isa = PBXFileReference; lastKnownFileType = text.plist.strings; name = id; path = id.lproj/Localizations.strings; sourceTree = "<group>"; };
		BCE41E4326BED4FA00578277 /* L10n.swift */ = {isa = PBXFileReference; fileEncoding = 4; lastKnownFileType = sourcecode.swift; path = L10n.swift; sourceTree = "<group>"; };
		BCEE6E4D26B1BCA700D4D250 /* EksplorDetailLimbarCell.swift */ = {isa = PBXFileReference; lastKnownFileType = sourcecode.swift; path = EksplorDetailLimbarCell.swift; sourceTree = "<group>"; };
		BCEE6E4E26B1BCA700D4D250 /* EksplorDetailLimbarCell.xib */ = {isa = PBXFileReference; lastKnownFileType = file.xib; path = EksplorDetailLimbarCell.xib; sourceTree = "<group>"; };
		BCEE6E5126B1BCB900D4D250 /* EksplorDetailEarningCell.swift */ = {isa = PBXFileReference; lastKnownFileType = sourcecode.swift; path = EksplorDetailEarningCell.swift; sourceTree = "<group>"; };
		BCEE6E5226B1BCB900D4D250 /* EksplorDetailEarningCell.xib */ = {isa = PBXFileReference; lastKnownFileType = file.xib; path = EksplorDetailEarningCell.xib; sourceTree = "<group>"; };
		BCF2A72726C0C7DE008AC916 /* UPCarouselFlowLayout.swift */ = {isa = PBXFileReference; lastKnownFileType = sourcecode.swift; path = UPCarouselFlowLayout.swift; sourceTree = "<group>"; };
		BCF48A7D26B392A300E7F677 /* TipsDataRepository.swift */ = {isa = PBXFileReference; lastKnownFileType = sourcecode.swift; path = TipsDataRepository.swift; sourceTree = "<group>"; };
		BF1C043E26B4FB270099B6E1 /* UserDataRepository.swift */ = {isa = PBXFileReference; lastKnownFileType = sourcecode.swift; path = UserDataRepository.swift; sourceTree = "<group>"; };
		BF1C044026B4FB5B0099B6E1 /* MonthlyChallengeDataRepository.swift */ = {isa = PBXFileReference; lastKnownFileType = sourcecode.swift; path = MonthlyChallengeDataRepository.swift; sourceTree = "<group>"; };
		BF1C044226B4FB700099B6E1 /* BadgeDataRepository.swift */ = {isa = PBXFileReference; lastKnownFileType = sourcecode.swift; path = BadgeDataRepository.swift; sourceTree = "<group>"; };
		BF55702026AFCB030029BB54 /* EksplorListFilter.storyboard */ = {isa = PBXFileReference; lastKnownFileType = file.storyboard; path = EksplorListFilter.storyboard; sourceTree = "<group>"; };
		BF9AD07926B3C6D80010242D /* WbklDataRepository.swift */ = {isa = PBXFileReference; lastKnownFileType = sourcecode.swift; path = WbklDataRepository.swift; sourceTree = "<group>"; };
		BFA4BD9A26BB487900978A23 /* PreloadUserData.swift */ = {isa = PBXFileReference; lastKnownFileType = sourcecode.swift; path = PreloadUserData.swift; sourceTree = "<group>"; };
/* End PBXFileReference section */

/* Begin PBXFrameworksBuildPhase section */
		9866548D26ADBC7D0047D2A7 /* Frameworks */ = {
			isa = PBXFrameworksBuildPhase;
			buildActionMask = 2147483647;
			files = (
			);
			runOnlyForDeploymentPostprocessing = 0;
		};
		986654A626ADBC800047D2A7 /* Frameworks */ = {
			isa = PBXFrameworksBuildPhase;
			buildActionMask = 2147483647;
			files = (
			);
			runOnlyForDeploymentPostprocessing = 0;
		};
/* End PBXFrameworksBuildPhase section */

/* Begin PBXGroup section */
		9866548726ADBC7D0047D2A7 = {
			isa = PBXGroup;
			children = (
				BC226ECC26BADCFE002F3917 /* LocationSample.gpx */,
				9866549226ADBC7D0047D2A7 /* Papah */,
				986654AC26ADBC800047D2A7 /* PapahTests */,
				986654B726ADBC800047D2A7 /* PapahUITests */,
				9866549126ADBC7D0047D2A7 /* Products */,
			);
			sourceTree = "<group>";
		};
		9866549126ADBC7D0047D2A7 /* Products */ = {
			isa = PBXGroup;
			children = (
				9866549026ADBC7D0047D2A7 /* Papah.app */,
				986654A926ADBC800047D2A7 /* PapahTests.xctest */,
			);
			name = Products;
			sourceTree = "<group>";
		};
		9866549226ADBC7D0047D2A7 /* Papah */ = {
			isa = PBXGroup;
			children = (
				986654C926ADC0C90047D2A7 /* Presentation */,
				986654C626ADBC8A0047D2A7 /* Application */,
				9866550826ADCDAC0047D2A7 /* Helpers */,
				9866550426ADCD5B0047D2A7 /* Resources */,
				986654C726ADBC9D0047D2A7 /* Core */,
				986654A426ADBC800047D2A7 /* Info.plist */,
			);
			path = Papah;
			sourceTree = "<group>";
		};
		986654AC26ADBC800047D2A7 /* PapahTests */ = {
			isa = PBXGroup;
			children = (
				BCAA523B26BBA517005E59F0 /* CoreDataManagerUnitTest.swift */,
				986654AD26ADBC800047D2A7 /* TipsRepositoryUnitTest.swift */,
				BC226ED326BAE9E0002F3917 /* UtilsUnitTest.swift */,
				BC226ECF26BAE333002F3917 /* MonthlyCPRepositoryUnitTest.swift */,
				986654AF26ADBC800047D2A7 /* Info.plist */,
			);
			path = PapahTests;
			sourceTree = "<group>";
		};
		986654B726ADBC800047D2A7 /* PapahUITests */ = {
			isa = PBXGroup;
			children = (
				986654B826ADBC800047D2A7 /* PapahUITests.swift */,
				986654BA26ADBC800047D2A7 /* Info.plist */,
			);
			path = PapahUITests;
			sourceTree = "<group>";
		};
		986654C626ADBC8A0047D2A7 /* Application */ = {
			isa = PBXGroup;
			children = (
				9866549326ADBC7D0047D2A7 /* AppDelegate.swift */,
				9866549526ADBC7D0047D2A7 /* SceneDelegate.swift */,
			);
			path = Application;
			sourceTree = "<group>";
		};
		986654C726ADBC9D0047D2A7 /* Core */ = {
			isa = PBXGroup;
			children = (
				9866549C26ADBC7E0047D2A7 /* Papah.xcdatamodeld */,
				BC2A95F726ADD3B6002AD800 /* CoreDataManager.swift */,
				BC2A95F426ADD3A0002AD800 /* Entities */,
				BC2A95F326ADD397002AD800 /* Mock Data */,
				BC2A95F226ADD37E002AD800 /* Repositories */,
			);
			path = Core;
			sourceTree = "<group>";
		};
		986654C926ADC0C90047D2A7 /* Presentation */ = {
			isa = PBXGroup;
			children = (
				986654D926ADC4F40047D2A7 /* Alert */,
				986654CD26ADC0F10047D2A7 /* Tantangan */,
				986654CB26ADC0E30047D2A7 /* Eksplor */,
				986654CC26ADC0EB0047D2A7 /* Tips */,
				986654CA26ADC0D70047D2A7 /* Homepage */,
			);
			path = Presentation;
			sourceTree = "<group>";
		};
		986654CA26ADC0D70047D2A7 /* Homepage */ = {
			isa = PBXGroup;
			children = (
				BC2A95E426ADD00D002AD800 /* Homepage.storyboard */,
				BC2A95E526ADD00E002AD800 /* HomepageController.swift */,
			);
			path = Homepage;
			sourceTree = "<group>";
		};
		986654CB26ADC0E30047D2A7 /* Eksplor */ = {
			isa = PBXGroup;
			children = (
				986654D726ADC42B0047D2A7 /* Eksplor Map */,
				986654D626ADC4220047D2A7 /* Eksplor Detail */,
				986654D526ADC4180047D2A7 /* Eksplor List */,
			);
			path = Eksplor;
			sourceTree = "<group>";
		};
		986654CC26ADC0EB0047D2A7 /* Tips */ = {
			isa = PBXGroup;
			children = (
				986654D226ADC3A90047D2A7 /* Tips Detail */,
				986654D126ADC3A20047D2A7 /* Tips List */,
			);
			path = Tips;
			sourceTree = "<group>";
		};
		986654CD26ADC0F10047D2A7 /* Tantangan */ = {
			isa = PBXGroup;
			children = (
				986654DB26ADC6300047D2A7 /* Tantangan Detail */,
				986654DD26ADC65F0047D2A7 /* Medali Detail */,
				986654DC26ADC6510047D2A7 /* Medali List */,
				986654DA26ADC6190047D2A7 /* Tantangan List */,
			);
			path = Tantangan;
			sourceTree = "<group>";
		};
		986654CE26ADC1760047D2A7 /* Filter */ = {
			isa = PBXGroup;
			children = (
				BF55702026AFCB030029BB54 /* EksplorListFilter.storyboard */,
				BC2A95D126ADCF6D002AD800 /* EksplorListFilterController.swift */,
				BC2A95D326ADCF8F002AD800 /* EksplorListFilterViewModel.swift */,
				986654CF26ADC1810047D2A7 /* Table Cell */,
			);
			path = Filter;
			sourceTree = "<group>";
		};
		986654CF26ADC1810047D2A7 /* Table Cell */ = {
			isa = PBXGroup;
			children = (
				BC2A95D626ADCFB1002AD800 /* EksplorListFilterTableCell.swift */,
				BC2A95D726ADCFB1002AD800 /* EksplorListFilterTableCell.xib */,
			);
			path = "Table Cell";
			sourceTree = "<group>";
		};
		986654D026ADC1B80047D2A7 /* Table Cell */ = {
			isa = PBXGroup;
			children = (
				BC2A95C926ADCF4A002AD800 /* ExplorListTableCell.swift */,
				98BECA2526B574AA00D2E8A3 /* EksplorListFilterCollectionTableCell.swift */,
				98BECA2626B574AA00D2E8A3 /* EksplorListFilterCollectionTableCell.xib */,
				BC2A95CA26ADCF4A002AD800 /* ExplorListTableCell.xib */,
			);
			path = "Table Cell";
			sourceTree = "<group>";
		};
		986654D126ADC3A20047D2A7 /* Tips List */ = {
			isa = PBXGroup;
			children = (
				744BDF5D26BAD4A800F6833C /* TipsList.storyboard */,
				BC2A95DC26ADCFD0002AD800 /* TipsListController.swift */,
				BC2A95DA26ADCFD0002AD800 /* TipsListViewModel.swift */,
				986654D426ADC3D50047D2A7 /* Table Cell */,
			);
			path = "Tips List";
			sourceTree = "<group>";
		};
		986654D226ADC3A90047D2A7 /* Tips Detail */ = {
			isa = PBXGroup;
			children = (
				BC2A95E826ADD033002AD800 /* TipsDetail.storyboard */,
				BC2A95E926ADD034002AD800 /* TipsDetailController.swift */,
				BC2A95EA26ADD034002AD800 /* TipsDetailViewModel.swift */,
				986654D326ADC3C70047D2A7 /* Colection Cell */,
			);
			path = "Tips Detail";
			sourceTree = "<group>";
		};
		986654D326ADC3C70047D2A7 /* Colection Cell */ = {
			isa = PBXGroup;
			children = (
				BC2A95EE26ADD098002AD800 /* TipsDetailCollectionCell.swift */,
				BC2A95EF26ADD098002AD800 /* TipsDetailCollectionCell.xib */,
			);
			path = "Colection Cell";
			sourceTree = "<group>";
		};
		986654D426ADC3D50047D2A7 /* Table Cell */ = {
			isa = PBXGroup;
			children = (
				BC2A95E026ADD002002AD800 /* TipsListTableCell.swift */,
				BC2A95E126ADD002002AD800 /* TipsListTableCell.xib */,
			);
			path = "Table Cell";
			sourceTree = "<group>";
		};
		986654D526ADC4180047D2A7 /* Eksplor List */ = {
			isa = PBXGroup;
			children = (
				BC2A95C526ADCF10002AD800 /* EksplorList.storyboard */,
				BC2A95C326ADCF10002AD800 /* EksplorListController.swift */,
				BC2A95C426ADCF10002AD800 /* EksplorListViewModel.swift */,
				986654DF26ADC7600047D2A7 /* Collection Cell */,
				986654D026ADC1B80047D2A7 /* Table Cell */,
				986654CE26ADC1760047D2A7 /* Filter */,
			);
			path = "Eksplor List";
			sourceTree = "<group>";
		};
		986654D626ADC4220047D2A7 /* Eksplor Detail */ = {
			isa = PBXGroup;
			children = (
				BC2A95B926ADCEBE002AD800 /* EksplorDetail.storyboard */,
				BC2A95BA26ADCEBE002AD800 /* EksplorDetailController.swift */,
				BCA40FEE26B7AA5C003B0A85 /* EksplorDetailController+MapConfig.swift */,
				BC2A95BB26ADCEBE002AD800 /* EksplorDetailViewModel.swift */,
				986654D826ADC4E00047D2A7 /* Table Cell */,
			);
			path = "Eksplor Detail";
			sourceTree = "<group>";
		};
		986654D726ADC42B0047D2A7 /* Eksplor Map */ = {
			isa = PBXGroup;
			children = (
				BCD827B526AF029B000C2452 /* Bottom Sheet */,
				BC2A95B326ADCE89002AD800 /* EksplorMap.storyboard */,
				BC2A95B426ADCE89002AD800 /* EksplorMapController.swift */,
				BCD827B126AEFA90000C2452 /* EksplorMapController+SheetConfig.swift */,
				BC1F4F8426AF0C4F00FDC3D3 /* EksplorMapController+MapConfig.swift */,
				BC2A95B526ADCE89002AD800 /* EksplorMapViewModel.swift */,
			);
			path = "Eksplor Map";
			sourceTree = "<group>";
		};
		986654D826ADC4E00047D2A7 /* Table Cell */ = {
			isa = PBXGroup;
			children = (
				BC2A95BF26ADCEFD002AD800 /* EksplorDetailTableCell.swift */,
				BC2A95C026ADCEFD002AD800 /* EksplorDetailTableCell.xib */,
				BCEE6E4D26B1BCA700D4D250 /* EksplorDetailLimbarCell.swift */,
				BCEE6E4E26B1BCA700D4D250 /* EksplorDetailLimbarCell.xib */,
				BCEE6E5126B1BCB900D4D250 /* EksplorDetailEarningCell.swift */,
				BCEE6E5226B1BCB900D4D250 /* EksplorDetailEarningCell.xib */,
			);
			path = "Table Cell";
			sourceTree = "<group>";
		};
		986654D926ADC4F40047D2A7 /* Alert */ = {
			isa = PBXGroup;
			children = (
				986654E726ADC96D0047D2A7 /* CompletionAlert.swift */,
				986654E826ADC96D0047D2A7 /* CompletionAlert.xib */,
			);
			path = Alert;
			sourceTree = "<group>";
		};
		986654DA26ADC6190047D2A7 /* Tantangan List */ = {
			isa = PBXGroup;
			children = (
				9866551E26ADCF6E0047D2A7 /* TantanganList.storyboard */,
				9866552026ADCF830047D2A7 /* TantanganListController.swift */,
				9866552426ADCFC30047D2A7 /* TantanganListViewModel.swift */,
				986654E126ADC7CC0047D2A7 /* Cell */,
			);
			path = "Tantangan List";
			sourceTree = "<group>";
		};
		986654DB26ADC6300047D2A7 /* Tantangan Detail */ = {
			isa = PBXGroup;
			children = (
				986654E326ADC84B0047D2A7 /* Table Cell */,
				986654EF26ADCA530047D2A7 /* TantanganDetail.storyboard */,
				986654F126ADCAC00047D2A7 /* TantanganDetailController.swift */,
				986654F326ADCB430047D2A7 /* TantanganDetailViewModel.swift */,
			);
			path = "Tantangan Detail";
			sourceTree = "<group>";
		};
		986654DC26ADC6510047D2A7 /* Medali List */ = {
			isa = PBXGroup;
			children = (
				9866551226ADCEEF0047D2A7 /* MedaliList.storyboard */,
				9866551026ADCED30047D2A7 /* MedaliListController.swift */,
				9866551426ADCF010047D2A7 /* MedaliListViewModel.swift */,
				986654E426ADC8890047D2A7 /* Cell */,
			);
			path = "Medali List";
			sourceTree = "<group>";
		};
		986654DD26ADC65F0047D2A7 /* Medali Detail */ = {
			isa = PBXGroup;
			children = (
				9866550A26ADCE570047D2A7 /* MedaliDetail.storyboard */,
				9866550C26ADCE780047D2A7 /* MedaliDetailController.swift */,
				9866550E26ADCEAF0047D2A7 /* MedaliDetailViewModel.swift */,
			);
			path = "Medali Detail";
			sourceTree = "<group>";
		};
		986654DE26ADC6D50047D2A7 /* Table Cell */ = {
			isa = PBXGroup;
			children = (
				9866552A26ADD0020047D2A7 /* TantanganLevelTableCell.swift */,
				9866552B26ADD0020047D2A7 /* TantanganLevelTableCell.xib */,
				BCB6955826B102DE001E90F0 /* TantanganEarningCell.swift */,
				BCB6955926B102DE001E90F0 /* TantanganEarningCell.xib */,
				BCB6955D26B1038F001E90F0 /* TantanganMonthlyCell.swift */,
				BCB6955E26B1038F001E90F0 /* TantanganMonthlyCell.xib */,
				BCB6956826B1102B001E90F0 /* TantanganMonthlyHeadCell.swift */,
				BCB6956726B1102B001E90F0 /* TantanganMonthlyHeadCell.xib */,
				BCB6956126B103B9001E90F0 /* TantanganRewardHeadCell.swift */,
				BCB6956526B10ABA001E90F0 /* TantanganRewardHeadCell.xib */,
				BCB6956B26B11410001E90F0 /* TantanganRewardTablecell.swift */,
				BCB6956C26B11411001E90F0 /* TantanganRewardTablecell.xib */,
			);
			path = "Table Cell";
			sourceTree = "<group>";
		};
		986654DF26ADC7600047D2A7 /* Collection Cell */ = {
			isa = PBXGroup;
			children = (
				BC2A95CD26ADCF65002AD800 /* EksplorListCollectionCell.swift */,
				BC2A95CE26ADCF65002AD800 /* EksplorListCollectionCell.xib */,
			);
			path = "Collection Cell";
			sourceTree = "<group>";
		};
		986654E126ADC7CC0047D2A7 /* Cell */ = {
			isa = PBXGroup;
			children = (
				986654E226ADC7EC0047D2A7 /* Collection Cell */,
				986654DE26ADC6D50047D2A7 /* Table Cell */,
			);
			path = Cell;
			sourceTree = "<group>";
		};
		986654E226ADC7EC0047D2A7 /* Collection Cell */ = {
			isa = PBXGroup;
			children = (
				9866552626ADCFE60047D2A7 /* TantanganRewardCell.swift */,
				9866552726ADCFE60047D2A7 /* TantanganRewardCell.xib */,
				BCCA0A0926B11D0E00C2DD6F /* DynamicHeightCollectionView.swift */,
			);
			path = "Collection Cell";
			sourceTree = "<group>";
		};
		986654E326ADC84B0047D2A7 /* Table Cell */ = {
			isa = PBXGroup;
			children = (
				986654EB26ADCA240047D2A7 /* TantanganDetailTableCell.swift */,
				986654EC26ADCA240047D2A7 /* TantanganDetailTableCell.xib */,
			);
			path = "Table Cell";
			sourceTree = "<group>";
		};
		986654E426ADC8890047D2A7 /* Cell */ = {
			isa = PBXGroup;
			children = (
				986654E626ADC8930047D2A7 /* Collection Cell */,
				986654E526ADC88D0047D2A7 /* Table Cell */,
			);
			path = Cell;
			sourceTree = "<group>";
		};
		986654E526ADC88D0047D2A7 /* Table Cell */ = {
			isa = PBXGroup;
			children = (
				744BDF5226B1891300F6833C /* SubtitleTableViewCell.xib */,
				744BDF5126B1891300F6833C /* SubtitleTableViewCell.swift */,
				744BDF5626B18B9000F6833C /* MedaliListTableViewCell.xib */,
				744BDF5526B18B9000F6833C /* MedaliListTableViewCell.swift */,
			);
			path = "Table Cell";
			sourceTree = "<group>";
		};
		986654E626ADC8930047D2A7 /* Collection Cell */ = {
			isa = PBXGroup;
			children = (
				744BDF5926B1B0CF00F6833C /* MedaliListCollectionViewCell.swift */,
				744BDF5A26B1B0CF00F6833C /* MedaliListCollectionViewCell.xib */,
			);
			path = "Collection Cell";
			sourceTree = "<group>";
		};
		9866550426ADCD5B0047D2A7 /* Resources */ = {
			isa = PBXGroup;
			children = (
				BCE41E4326BED4FA00578277 /* L10n.swift */,
				9866550626ADCD940047D2A7 /* Colors.xcassets */,
				9866549F26ADBC800047D2A7 /* Assets.xcassets */,
				986654A126ADBC800047D2A7 /* LaunchScreen.storyboard */,
				BCE41E4026BED46300578277 /* Localizations.strings */,
			);
			path = Resources;
			sourceTree = "<group>";
		};
		9866550826ADCDAC0047D2A7 /* Helpers */ = {
			isa = PBXGroup;
			children = (
				BCF2A72926C0CDDC008AC916 /* Libraries */,
				BC2BE85E26AE82D50067DB23 /* Extensions */,
				BC2BE85C26AE82BA0067DB23 /* CommonFunction.swift */,
				BC2A95F926ADD3E8002AD800 /* Constants.swift */,
				9866550926ADCDCD0047D2A7 /* s.swift */,
				BC18594B26B6B9E900FDD552 /* MVVMController.swift */,
			);
			path = Helpers;
			sourceTree = "<group>";
		};
		BC2A95F226ADD37E002AD800 /* Repositories */ = {
			isa = PBXGroup;
			children = (
				BF1C044226B4FB700099B6E1 /* BadgeDataRepository.swift */,
				BF1C044026B4FB5B0099B6E1 /* MonthlyChallengeDataRepository.swift */,
				BF9AD07926B3C6D80010242D /* WbklDataRepository.swift */,
				BCF48A7D26B392A300E7F677 /* TipsDataRepository.swift */,
				BF1C043E26B4FB270099B6E1 /* UserDataRepository.swift */,
				BC2AF19426ADD4A9006FFB9F /* s.swift */,
			);
			path = Repositories;
			sourceTree = "<group>";
		};
		BC2A95F326ADD397002AD800 /* Mock Data */ = {
			isa = PBXGroup;
			children = (
				BC2A95F626ADD3A7002AD800 /* PreloadChallengeData.swift */,
				BC226ED126BAE6ED002F3917 /* PreloadBadgeData.swift */,
				BC226ECD26BAE0D0002F3917 /* PreloadUserData.swift */,
				BC6950A326B9B0CA004D37D1 /* PreloadTipsData.swift */,
				BC6950A526B9B11A004D37D1 /* PreloadWBKLData.swift */,
				BFA4BD9A26BB487900978A23 /* PreloadUserData.swift */,
			);
			path = "Mock Data";
			sourceTree = "<group>";
		};
		BC2A95F426ADD3A0002AD800 /* Entities */ = {
			isa = PBXGroup;
			children = (
				BC2A95F526ADD3A4002AD800 /* s.swift */,
			);
			path = Entities;
			sourceTree = "<group>";
		};
		BC2BE85E26AE82D50067DB23 /* Extensions */ = {
			isa = PBXGroup;
			children = (
				BC2BE87226AE83590067DB23 /* Extension+UIButton.swift */,
				BC2BE86026AE82DE0067DB23 /* Date+Extension.swift */,
				BC2BE86426AE82DE0067DB23 /* String+Extension.swift */,
				BC2BE86226AE82DE0067DB23 /* TableViewCell+Extension.swift */,
				BC2BE87026AE83310067DB23 /* Extension+Cell.swift */,
				BC2BE86526AE82DF0067DB23 /* UIColor+Extension.swift */,
				BC2BE86626AE82DF0067DB23 /* UIImage+Extension.swift */,
				BC2BE86126AE82DE0067DB23 /* UILabel+Extension.swift */,
				BC2BE86326AE82DE0067DB23 /* UIView+Extension.swift */,
				BC2BE85F26AE82DE0067DB23 /* UIViewController+Extension.swift */,
				BC5D17F626B85F73004A7EED /* Int+Extension.swift */,
			);
			path = Extensions;
			sourceTree = "<group>";
		};
		BCD827B526AF029B000C2452 /* Bottom Sheet */ = {
			isa = PBXGroup;
			children = (
				BC1F4F8226AF063E00FDC3D3 /* EksplorMapBottomSheet.swift */,
				BCD827B326AF0264000C2452 /* EksplorMapBottomSheet.xib */,
			);
			path = "Bottom Sheet";
			sourceTree = "<group>";
		};
		BCF2A72926C0CDDC008AC916 /* Libraries */ = {
			isa = PBXGroup;
			children = (
				BCF2A72726C0C7DE008AC916 /* UPCarouselFlowLayout.swift */,
			);
			path = Libraries;
			sourceTree = "<group>";
		};
/* End PBXGroup section */

/* Begin PBXNativeTarget section */
		9866548F26ADBC7D0047D2A7 /* Papah */ = {
			isa = PBXNativeTarget;
			buildConfigurationList = 986654BD26ADBC800047D2A7 /* Build configuration list for PBXNativeTarget "Papah" */;
			buildPhases = (
				9866548C26ADBC7D0047D2A7 /* Sources */,
				9866548D26ADBC7D0047D2A7 /* Frameworks */,
				9866548E26ADBC7D0047D2A7 /* Resources */,
				98B5DFCC26AEB9EF0005975B /* ShellScript */,
			);
			buildRules = (
			);
			dependencies = (
			);
			name = Papah;
			productName = Papah;
			productReference = 9866549026ADBC7D0047D2A7 /* Papah.app */;
			productType = "com.apple.product-type.application";
		};
		986654A826ADBC800047D2A7 /* PapahTests */ = {
			isa = PBXNativeTarget;
			buildConfigurationList = 986654C026ADBC800047D2A7 /* Build configuration list for PBXNativeTarget "PapahTests" */;
			buildPhases = (
				986654A526ADBC800047D2A7 /* Sources */,
				986654A626ADBC800047D2A7 /* Frameworks */,
				986654A726ADBC800047D2A7 /* Resources */,
			);
			buildRules = (
			);
			dependencies = (
				986654AB26ADBC800047D2A7 /* PBXTargetDependency */,
			);
			name = PapahTests;
			productName = PapahTests;
			productReference = 986654A926ADBC800047D2A7 /* PapahTests.xctest */;
			productType = "com.apple.product-type.bundle.unit-test";
		};
/* End PBXNativeTarget section */

/* Begin PBXProject section */
		9866548826ADBC7D0047D2A7 /* Project object */ = {
			isa = PBXProject;
			attributes = {
				LastSwiftUpdateCheck = 1250;
				LastUpgradeCheck = 1250;
				TargetAttributes = {
					9866548F26ADBC7D0047D2A7 = {
						CreatedOnToolsVersion = 12.5.1;
					};
					986654A826ADBC800047D2A7 = {
						CreatedOnToolsVersion = 12.5.1;
						TestTargetID = 9866548F26ADBC7D0047D2A7;
					};
				};
			};
			buildConfigurationList = 9866548B26ADBC7D0047D2A7 /* Build configuration list for PBXProject "Papah" */;
			compatibilityVersion = "Xcode 9.3";
			developmentRegion = en;
			hasScannedForEncodings = 0;
			knownRegions = (
				en,
				Base,
				id,
			);
			mainGroup = 9866548726ADBC7D0047D2A7;
			productRefGroup = 9866549126ADBC7D0047D2A7 /* Products */;
			projectDirPath = "";
			projectRoot = "";
			targets = (
				9866548F26ADBC7D0047D2A7 /* Papah */,
				986654A826ADBC800047D2A7 /* PapahTests */,
			);
		};
/* End PBXProject section */

/* Begin PBXResourcesBuildPhase section */
		9866548E26ADBC7D0047D2A7 /* Resources */ = {
			isa = PBXResourcesBuildPhase;
			buildActionMask = 2147483647;
			files = (
				986654A326ADBC800047D2A7 /* LaunchScreen.storyboard in Resources */,
				BCB6956E26B11411001E90F0 /* TantanganRewardTablecell.xib in Resources */,
				BCEE6E5426B1BCB900D4D250 /* EksplorDetailEarningCell.xib in Resources */,
				BC8C9B6A26AE8AD80096F0E8 /* EksplorList.storyboard in Resources */,
				BC2A95C226ADCEFD002AD800 /* EksplorDetailTableCell.xib in Resources */,
				BC14948A26B075EE00C28E62 /* TantanganLevelTableCell.xib in Resources */,
				BC2A95BD26ADCECE002AD800 /* EksplorDetail.storyboard in Resources */,
				BC2A95D926ADCFB1002AD800 /* EksplorListFilterTableCell.xib in Resources */,
				BC8C9B6B26AE8AD80096F0E8 /* MedaliList.storyboard in Resources */,
				BC8C9B6C26AE8AD80096F0E8 /* EksplorMap.storyboard in Resources */,
				BC2A95F126ADD098002AD800 /* TipsDetailCollectionCell.xib in Resources */,
				BCEE6E5026B1BCA700D4D250 /* EksplorDetailLimbarCell.xib in Resources */,
				986654A026ADBC800047D2A7 /* Assets.xcassets in Resources */,
				986654F026ADCA530047D2A7 /* TantanganDetail.storyboard in Resources */,
				BCB6955B26B102DE001E90F0 /* TantanganEarningCell.xib in Resources */,
				744BDF5E26BAD4A800F6833C /* TipsList.storyboard in Resources */,
				BC8C9B7626AE8AFC0096F0E8 /* ExplorListTableCell.xib in Resources */,
				BC2A95E726ADD021002AD800 /* Homepage.storyboard in Resources */,
				98BECA2826B574AA00D2E8A3 /* EksplorListFilterCollectionTableCell.xib in Resources */,
				744BDF5426B1891400F6833C /* SubtitleTableViewCell.xib in Resources */,
				BF55702126AFCB030029BB54 /* EksplorListFilter.storyboard in Resources */,
				BCE41E3E26BED46300578277 /* Localizations.strings in Resources */,
				BC2A95E326ADD002002AD800 /* TipsListTableCell.xib in Resources */,
				744BDF5826B18B9000F6833C /* MedaliListTableViewCell.xib in Resources */,
				986654EA26ADC96D0047D2A7 /* CompletionAlert.xib in Resources */,
				744BDF5C26B1B0CF00F6833C /* MedaliListCollectionViewCell.xib in Resources */,
				BC8C9B7526AE8AFC0096F0E8 /* EksplorListCollectionCell.xib in Resources */,
				BCD827B426AF0264000C2452 /* EksplorMapBottomSheet.xib in Resources */,
				BC8C9B7526AE8AFC0096F0E8 /* EksplorListCollectionCell.xib in Resources */,
				BCCA0A0826B1167700C2DD6F /* TantanganRewardCell.xib in Resources */,
				BCB6956A26B1105C001E90F0 /* TantanganMonthlyHeadCell.xib in Resources */,
				BC8C9B7026AE8AD80096F0E8 /* TipsDetail.storyboard in Resources */,
				9866550B26ADCE570047D2A7 /* MedaliDetail.storyboard in Resources */,
				986654EE26ADCA240047D2A7 /* TantanganDetailTableCell.xib in Resources */,
				BCB6956626B10ABA001E90F0 /* TantanganRewardHeadCell.xib in Resources */,
				9866550726ADCD940047D2A7 /* Colors.xcassets in Resources */,
				BCB6956026B1038F001E90F0 /* TantanganMonthlyCell.xib in Resources */,
				9866551F26ADCF6E0047D2A7 /* TantanganList.storyboard in Resources */,
			);
			runOnlyForDeploymentPostprocessing = 0;
		};
		986654A726ADBC800047D2A7 /* Resources */ = {
			isa = PBXResourcesBuildPhase;
			buildActionMask = 2147483647;
			files = (
			);
			runOnlyForDeploymentPostprocessing = 0;
		};
/* End PBXResourcesBuildPhase section */

/* Begin PBXShellScriptBuildPhase section */
		98B5DFCC26AEB9EF0005975B /* ShellScript */ = {
			isa = PBXShellScriptBuildPhase;
			buildActionMask = 2147483647;
			files = (
			);
			inputFileListPaths = (
			);
			inputPaths = (
			);
			outputFileListPaths = (
			);
			outputPaths = (
			);
			runOnlyForDeploymentPostprocessing = 0;
			shellPath = /bin/sh;
			shellScript = "# Type a script or drag a script file from your workspace to insert its path.\n#if which swiftlint >/dev/null; then\n# swiftlint\n#   exit 0\n# else\n#   echo \"warning: SwiftLint not installed, download from https://github.com/realm/SwiftLint\"\n #fi\n";
		};
/* End PBXShellScriptBuildPhase section */

/* Begin PBXSourcesBuildPhase section */
		9866548C26ADBC7D0047D2A7 /* Sources */ = {
			isa = PBXSourcesBuildPhase;
			buildActionMask = 2147483647;
			files = (
				BCB6956D26B11411001E90F0 /* TantanganRewardTablecell.swift in Sources */,
				BCB6955A26B102DE001E90F0 /* TantanganEarningCell.swift in Sources */,
				BF9AD07A26B3C6D80010242D /* WbklDataRepository.swift in Sources */,
				981DDBD126ADD8CB00BB60F9 /* AppDelegate.swift in Sources */,
				BC1F4F8326AF063E00FDC3D3 /* EksplorMapBottomSheet.swift in Sources */,
				BC8C9B7426AE8AFC0096F0E8 /* EksplorDetailTableCell.swift in Sources */,
				BCA40FEF26B7AA5C003B0A85 /* EksplorDetailController+MapConfig.swift in Sources */,
				BC2A95F826ADD3B6002AD800 /* CoreDataManager.swift in Sources */,
				98BECA2726B574AA00D2E8A3 /* EksplorListFilterCollectionTableCell.swift in Sources */,
				9866552826ADCFE60047D2A7 /* TantanganRewardCell.swift in Sources */,
				9866552826ADCFE60047D2A7 /* TantanganRewardCell.swift in Sources */,
				9866551526ADCF010047D2A7 /* MedaliListViewModel.swift in Sources */,
				BC2BE87126AE83310067DB23 /* Extension+Cell.swift in Sources */,
				BC18594C26B6B9E900FDD552 /* MVVMController.swift in Sources */,
				BCB6956926B1102B001E90F0 /* TantanganMonthlyHeadCell.swift in Sources */,
				BCB6955F26B1038F001E90F0 /* TantanganMonthlyCell.swift in Sources */,
				BF1C043F26B4FB270099B6E1 /* UserDataRepository.swift in Sources */,
				BCCA0A0A26B11D0E00C2DD6F /* DynamicHeightCollectionView.swift in Sources */,
				9866549E26ADBC7E0047D2A7 /* Papah.xcdatamodeld in Sources */,
				BC2A95ED26ADD073002AD800 /* TipsDetailController.swift in Sources */,
				BCEE6E5326B1BCB900D4D250 /* EksplorDetailEarningCell.swift in Sources */,
				BC2A95C626ADCF24002AD800 /* EksplorListViewModel.swift in Sources */,
				BC2BE86B26AE82DF0067DB23 /* UIView+Extension.swift in Sources */,
				BC2A95D826ADCFB1002AD800 /* EksplorListFilterTableCell.swift in Sources */,
				BF1C044326B4FB700099B6E1 /* BadgeDataRepository.swift in Sources */,
				BC8C9B7226AE8AD80096F0E8 /* HomepageController.swift in Sources */,
				BF1C044126B4FB5B0099B6E1 /* MonthlyChallengeDataRepository.swift in Sources */,
				BC226ED226BAE6ED002F3917 /* PreloadBadgeData.swift in Sources */,
				BCD827B226AEFA90000C2452 /* EksplorMapController+SheetConfig.swift in Sources */,
				BC2A95D526ADCF98002AD800 /* EksplorListFilterController.swift in Sources */,
				BC2BE85D26AE82BA0067DB23 /* CommonFunction.swift in Sources */,
				BC2BE86A26AE82DF0067DB23 /* TableViewCell+Extension.swift in Sources */,
				BC2BE86926AE82DF0067DB23 /* UILabel+Extension.swift in Sources */,
				BC2BE86726AE82DF0067DB23 /* UIViewController+Extension.swift in Sources */,
				BC2A95B726ADCE90002AD800 /* EksplorMapController.swift in Sources */,
				BC2A95DE26ADCFE6002AD800 /* TipsListViewModel.swift in Sources */,
				BC2A95E226ADD002002AD800 /* TipsListTableCell.swift in Sources */,
				986654F426ADCB430047D2A7 /* TantanganDetailViewModel.swift in Sources */,
				BC226ECE26BAE0D0002F3917 /* PreloadUserData.swift in Sources */,
				BC2A95D426ADCF98002AD800 /* EksplorListFilterViewModel.swift in Sources */,
				986654E926ADC96D0047D2A7 /* CompletionAlert.swift in Sources */,
				BC8C9B6F26AE8AD80096F0E8 /* EksplorDetailViewModel.swift in Sources */,
				BFA4BD9B26BB487900978A23 /* PreloadUserData.swift in Sources */,
				BCF48A7E26B392B900E7F677 /* TipsDataRepository.swift in Sources */,
				BC8C9B6926AE8AD80096F0E8 /* MedaliDetailController.swift in Sources */,
				BC1F4F8526AF0C4F00FDC3D3 /* EksplorMapController+MapConfig.swift in Sources */,
				986654F226ADCAC00047D2A7 /* TantanganDetailController.swift in Sources */,
				744BDF5326B1891300F6833C /* SubtitleTableViewCell.swift in Sources */,
				BC8C9B6E26AE8AD80096F0E8 /* EksplorListController.swift in Sources */,
				BC8C9B7726AE8AFC0096F0E8 /* EksplorListCollectionCell.swift in Sources */,
				BC8C9B7126AE8AD80096F0E8 /* EksplorDetailController.swift in Sources */,
				BC6950A426B9B0CA004D37D1 /* PreloadTipsData.swift in Sources */,
				9866550F26ADCEAF0047D2A7 /* MedaliDetailViewModel.swift in Sources */,
				744BDF5B26B1B0CF00F6833C /* MedaliListCollectionViewCell.swift in Sources */,
				9866552226ADCF830047D2A7 /* TantanganListController.swift in Sources */,
				BCE41E4426BED4FA00578277 /* L10n.swift in Sources */,
				BC2BE86826AE82DF0067DB23 /* Date+Extension.swift in Sources */,
				9866552526ADCFC30047D2A7 /* TantanganListViewModel.swift in Sources */,
				744BDF5726B18B9000F6833C /* MedaliListTableViewCell.swift in Sources */,
				9866552C26ADD0020047D2A7 /* TantanganLevelTableCell.swift in Sources */,
				9866552C26ADD0020047D2A7 /* TantanganLevelTableCell.swift in Sources */,
				BC6950A626B9B11A004D37D1 /* PreloadWBKLData.swift in Sources */,
				BCB6956326B103B9001E90F0 /* TantanganRewardHeadCell.swift in Sources */,
				BC5D17F726B85F73004A7EED /* Int+Extension.swift in Sources */,
				986654ED26ADCA240047D2A7 /* TantanganDetailTableCell.swift in Sources */,
				BC2BE87326AE835A0067DB23 /* Extension+UIButton.swift in Sources */,
				BC2BE86C26AE82DF0067DB23 /* String+Extension.swift in Sources */,
				BC2A95CB26ADCF4A002AD800 /* ExplorListTableCell.swift in Sources */,
				BC2A95B826ADCE90002AD800 /* EksplorMapViewModel.swift in Sources */,
				BCF2A72826C0C7DE008AC916 /* UPCarouselFlowLayout.swift in Sources */,
				BC6950A726B9B169004D37D1 /* PreloadChallengeData.swift in Sources */,
				BC2A95DD26ADCFE6002AD800 /* TipsListController.swift in Sources */,
				BC2BE86D26AE82DF0067DB23 /* UIColor+Extension.swift in Sources */,
				BC2A95F026ADD098002AD800 /* TipsDetailCollectionCell.swift in Sources */,
				BC8C9B6D26AE8AD80096F0E8 /* MedaliListController.swift in Sources */,
				BCEE6E4F26B1BCA700D4D250 /* EksplorDetailLimbarCell.swift in Sources */,
				BC2A95EC26ADD073002AD800 /* TipsDetailViewModel.swift in Sources */,
				BC2BE86E26AE82DF0067DB23 /* UIImage+Extension.swift in Sources */,
				9866549626ADBC7D0047D2A7 /* SceneDelegate.swift in Sources */,
				BC2A95FA26ADD3E8002AD800 /* Constants.swift in Sources */,
			);
			runOnlyForDeploymentPostprocessing = 0;
		};
		986654A526ADBC800047D2A7 /* Sources */ = {
			isa = PBXSourcesBuildPhase;
			buildActionMask = 2147483647;
			files = (
				BC226ED426BAE9E0002F3917 /* UtilsUnitTest.swift in Sources */,
				986654AE26ADBC800047D2A7 /* TipsRepositoryUnitTest.swift in Sources */,
				BCAA523C26BBA517005E59F0 /* CoreDataManagerUnitTest.swift in Sources */,
				BC226ED026BAE333002F3917 /* MonthlyCPRepositoryUnitTest.swift in Sources */,
			);
			runOnlyForDeploymentPostprocessing = 0;
		};
/* End PBXSourcesBuildPhase section */

/* Begin PBXTargetDependency section */
		986654AB26ADBC800047D2A7 /* PBXTargetDependency */ = {
			isa = PBXTargetDependency;
			target = 9866548F26ADBC7D0047D2A7 /* Papah */;
			targetProxy = 986654AA26ADBC800047D2A7 /* PBXContainerItemProxy */;
		};
/* End PBXTargetDependency section */

/* Begin PBXVariantGroup section */
		986654A126ADBC800047D2A7 /* LaunchScreen.storyboard */ = {
			isa = PBXVariantGroup;
			children = (
				BCE41E3A26BED42300578277 /* Base */,
			);
			name = LaunchScreen.storyboard;
			sourceTree = "<group>";
		};
		BCE41E4026BED46300578277 /* Localizations.strings */ = {
			isa = PBXVariantGroup;
			children = (
				BCE41E3F26BED46300578277 /* en */,
				BCE41E4126BED47100578277 /* id */,
			);
			name = Localizations.strings;
			sourceTree = "<group>";
		};
/* End PBXVariantGroup section */

/* Begin XCBuildConfiguration section */
		986654BB26ADBC800047D2A7 /* Debug */ = {
			isa = XCBuildConfiguration;
			buildSettings = {
				ALWAYS_SEARCH_USER_PATHS = NO;
				CLANG_ANALYZER_LOCALIZABILITY_NONLOCALIZED = YES;
				CLANG_ANALYZER_NONNULL = YES;
				CLANG_ANALYZER_NUMBER_OBJECT_CONVERSION = YES_AGGRESSIVE;
				CLANG_CXX_LANGUAGE_STANDARD = "gnu++14";
				CLANG_CXX_LIBRARY = "libc++";
				CLANG_ENABLE_MODULES = YES;
				CLANG_ENABLE_OBJC_ARC = YES;
				CLANG_ENABLE_OBJC_WEAK = YES;
				CLANG_WARN_BLOCK_CAPTURE_AUTORELEASING = YES;
				CLANG_WARN_BOOL_CONVERSION = YES;
				CLANG_WARN_COMMA = YES;
				CLANG_WARN_CONSTANT_CONVERSION = YES;
				CLANG_WARN_DEPRECATED_OBJC_IMPLEMENTATIONS = YES;
				CLANG_WARN_DIRECT_OBJC_ISA_USAGE = YES_ERROR;
				CLANG_WARN_DOCUMENTATION_COMMENTS = YES;
				CLANG_WARN_EMPTY_BODY = YES;
				CLANG_WARN_ENUM_CONVERSION = YES;
				CLANG_WARN_INFINITE_RECURSION = YES;
				CLANG_WARN_INT_CONVERSION = YES;
				CLANG_WARN_NON_LITERAL_NULL_CONVERSION = YES;
				CLANG_WARN_OBJC_IMPLICIT_RETAIN_SELF = YES;
				CLANG_WARN_OBJC_LITERAL_CONVERSION = YES;
				CLANG_WARN_OBJC_ROOT_CLASS = YES_ERROR;
				CLANG_WARN_QUOTED_INCLUDE_IN_FRAMEWORK_HEADER = YES;
				CLANG_WARN_RANGE_LOOP_ANALYSIS = YES;
				CLANG_WARN_STRICT_PROTOTYPES = YES;
				CLANG_WARN_SUSPICIOUS_MOVE = YES;
				CLANG_WARN_UNGUARDED_AVAILABILITY = YES_AGGRESSIVE;
				CLANG_WARN_UNREACHABLE_CODE = YES;
				CLANG_WARN__DUPLICATE_METHOD_MATCH = YES;
				COPY_PHASE_STRIP = NO;
				DEBUG_INFORMATION_FORMAT = dwarf;
				ENABLE_STRICT_OBJC_MSGSEND = YES;
				ENABLE_TESTABILITY = YES;
				GCC_C_LANGUAGE_STANDARD = gnu11;
				GCC_DYNAMIC_NO_PIC = NO;
				GCC_NO_COMMON_BLOCKS = YES;
				GCC_OPTIMIZATION_LEVEL = 0;
				GCC_PREPROCESSOR_DEFINITIONS = (
					"DEBUG=1",
					"$(inherited)",
				);
				GCC_WARN_64_TO_32_BIT_CONVERSION = YES;
				GCC_WARN_ABOUT_RETURN_TYPE = YES_ERROR;
				GCC_WARN_UNDECLARED_SELECTOR = YES;
				GCC_WARN_UNINITIALIZED_AUTOS = YES_AGGRESSIVE;
				GCC_WARN_UNUSED_FUNCTION = YES;
				GCC_WARN_UNUSED_VARIABLE = YES;
				IPHONEOS_DEPLOYMENT_TARGET = 14.4;
				MTL_ENABLE_DEBUG_INFO = INCLUDE_SOURCE;
				MTL_FAST_MATH = YES;
				ONLY_ACTIVE_ARCH = YES;
				SDKROOT = iphoneos;
				SWIFT_ACTIVE_COMPILATION_CONDITIONS = DEBUG;
				SWIFT_OPTIMIZATION_LEVEL = "-Onone";
			};
			name = Debug;
		};
		986654BC26ADBC800047D2A7 /* Release */ = {
			isa = XCBuildConfiguration;
			buildSettings = {
				ALWAYS_SEARCH_USER_PATHS = NO;
				CLANG_ANALYZER_LOCALIZABILITY_NONLOCALIZED = YES;
				CLANG_ANALYZER_NONNULL = YES;
				CLANG_ANALYZER_NUMBER_OBJECT_CONVERSION = YES_AGGRESSIVE;
				CLANG_CXX_LANGUAGE_STANDARD = "gnu++14";
				CLANG_CXX_LIBRARY = "libc++";
				CLANG_ENABLE_MODULES = YES;
				CLANG_ENABLE_OBJC_ARC = YES;
				CLANG_ENABLE_OBJC_WEAK = YES;
				CLANG_WARN_BLOCK_CAPTURE_AUTORELEASING = YES;
				CLANG_WARN_BOOL_CONVERSION = YES;
				CLANG_WARN_COMMA = YES;
				CLANG_WARN_CONSTANT_CONVERSION = YES;
				CLANG_WARN_DEPRECATED_OBJC_IMPLEMENTATIONS = YES;
				CLANG_WARN_DIRECT_OBJC_ISA_USAGE = YES_ERROR;
				CLANG_WARN_DOCUMENTATION_COMMENTS = YES;
				CLANG_WARN_EMPTY_BODY = YES;
				CLANG_WARN_ENUM_CONVERSION = YES;
				CLANG_WARN_INFINITE_RECURSION = YES;
				CLANG_WARN_INT_CONVERSION = YES;
				CLANG_WARN_NON_LITERAL_NULL_CONVERSION = YES;
				CLANG_WARN_OBJC_IMPLICIT_RETAIN_SELF = YES;
				CLANG_WARN_OBJC_LITERAL_CONVERSION = YES;
				CLANG_WARN_OBJC_ROOT_CLASS = YES_ERROR;
				CLANG_WARN_QUOTED_INCLUDE_IN_FRAMEWORK_HEADER = YES;
				CLANG_WARN_RANGE_LOOP_ANALYSIS = YES;
				CLANG_WARN_STRICT_PROTOTYPES = YES;
				CLANG_WARN_SUSPICIOUS_MOVE = YES;
				CLANG_WARN_UNGUARDED_AVAILABILITY = YES_AGGRESSIVE;
				CLANG_WARN_UNREACHABLE_CODE = YES;
				CLANG_WARN__DUPLICATE_METHOD_MATCH = YES;
				COPY_PHASE_STRIP = NO;
				DEBUG_INFORMATION_FORMAT = "dwarf-with-dsym";
				ENABLE_NS_ASSERTIONS = NO;
				ENABLE_STRICT_OBJC_MSGSEND = YES;
				GCC_C_LANGUAGE_STANDARD = gnu11;
				GCC_NO_COMMON_BLOCKS = YES;
				GCC_WARN_64_TO_32_BIT_CONVERSION = YES;
				GCC_WARN_ABOUT_RETURN_TYPE = YES_ERROR;
				GCC_WARN_UNDECLARED_SELECTOR = YES;
				GCC_WARN_UNINITIALIZED_AUTOS = YES_AGGRESSIVE;
				GCC_WARN_UNUSED_FUNCTION = YES;
				GCC_WARN_UNUSED_VARIABLE = YES;
				IPHONEOS_DEPLOYMENT_TARGET = 14.4;
				MTL_ENABLE_DEBUG_INFO = NO;
				MTL_FAST_MATH = YES;
				SDKROOT = iphoneos;
				SWIFT_COMPILATION_MODE = wholemodule;
				SWIFT_OPTIMIZATION_LEVEL = "-O";
				VALIDATE_PRODUCT = YES;
			};
			name = Release;
		};
		986654BE26ADBC800047D2A7 /* Debug */ = {
			isa = XCBuildConfiguration;
			buildSettings = {
				ASSETCATALOG_COMPILER_APPICON_NAME = AppIcon;
				ASSETCATALOG_COMPILER_GLOBAL_ACCENT_COLOR_NAME = AccentColor;
				CODE_SIGN_IDENTITY = "iPhone Distribution";
				CODE_SIGN_STYLE = Manual;
				DEVELOPMENT_TEAM = HMMWHN78KV;
				INFOPLIST_FILE = Papah/Info.plist;
				LD_RUNPATH_SEARCH_PATHS = (
					"$(inherited)",
					"@executable_path/Frameworks",
				);
				MARKETING_VERSION = 1.1.0;
				PRODUCT_BUNDLE_IDENTIFIER = Kane.Papah;
				PRODUCT_NAME = "$(TARGET_NAME)";
				PROVISIONING_PROFILE_SPECIFIER = "Papah Provisioning";
				SWIFT_VERSION = 5.0;
				TARGETED_DEVICE_FAMILY = 1;
			};
			name = Debug;
		};
		986654BF26ADBC800047D2A7 /* Release */ = {
			isa = XCBuildConfiguration;
			buildSettings = {
				ASSETCATALOG_COMPILER_APPICON_NAME = AppIcon;
				ASSETCATALOG_COMPILER_GLOBAL_ACCENT_COLOR_NAME = AccentColor;
				CODE_SIGN_IDENTITY = "iPhone Distribution";
				CODE_SIGN_STYLE = Manual;
				DEVELOPMENT_TEAM = HMMWHN78KV;
				INFOPLIST_FILE = Papah/Info.plist;
				LD_RUNPATH_SEARCH_PATHS = (
					"$(inherited)",
					"@executable_path/Frameworks",
				);
				MARKETING_VERSION = 1.1.0;
				PRODUCT_BUNDLE_IDENTIFIER = Kane.Papah;
				PRODUCT_NAME = "$(TARGET_NAME)";
				PROVISIONING_PROFILE_SPECIFIER = "Papah Provisioning";
				SWIFT_VERSION = 5.0;
				TARGETED_DEVICE_FAMILY = 1;
			};
			name = Release;
		};
		986654C126ADBC800047D2A7 /* Debug */ = {
			isa = XCBuildConfiguration;
			buildSettings = {
				ALWAYS_EMBED_SWIFT_STANDARD_LIBRARIES = YES;
				BUNDLE_LOADER = "$(TEST_HOST)";
				CODE_SIGN_STYLE = Automatic;
				DEVELOPMENT_TEAM = HMMWHN78KV;
				INFOPLIST_FILE = PapahTests/Info.plist;
				IPHONEOS_DEPLOYMENT_TARGET = 14.4;
				LD_RUNPATH_SEARCH_PATHS = (
					"$(inherited)",
					"@executable_path/Frameworks",
					"@loader_path/Frameworks",
				);
				PRODUCT_BUNDLE_IDENTIFIER = Kane.PapahTests;
				PRODUCT_NAME = "$(TARGET_NAME)";
				SWIFT_VERSION = 5.0;
				TARGETED_DEVICE_FAMILY = "1,2";
				TEST_HOST = "$(BUILT_PRODUCTS_DIR)/Papah.app/Papah";
			};
			name = Debug;
		};
		986654C226ADBC800047D2A7 /* Release */ = {
			isa = XCBuildConfiguration;
			buildSettings = {
				ALWAYS_EMBED_SWIFT_STANDARD_LIBRARIES = YES;
				BUNDLE_LOADER = "$(TEST_HOST)";
				CODE_SIGN_STYLE = Automatic;
				DEVELOPMENT_TEAM = HMMWHN78KV;
				INFOPLIST_FILE = PapahTests/Info.plist;
				IPHONEOS_DEPLOYMENT_TARGET = 14.4;
				LD_RUNPATH_SEARCH_PATHS = (
					"$(inherited)",
					"@executable_path/Frameworks",
					"@loader_path/Frameworks",
				);
				PRODUCT_BUNDLE_IDENTIFIER = Kane.PapahTests;
				PRODUCT_NAME = "$(TARGET_NAME)";
				SWIFT_VERSION = 5.0;
				TARGETED_DEVICE_FAMILY = "1,2";
				TEST_HOST = "$(BUILT_PRODUCTS_DIR)/Papah.app/Papah";
			};
			name = Release;
		};
/* End XCBuildConfiguration section */

/* Begin XCConfigurationList section */
		9866548B26ADBC7D0047D2A7 /* Build configuration list for PBXProject "Papah" */ = {
			isa = XCConfigurationList;
			buildConfigurations = (
				986654BB26ADBC800047D2A7 /* Debug */,
				986654BC26ADBC800047D2A7 /* Release */,
			);
			defaultConfigurationIsVisible = 0;
			defaultConfigurationName = Release;
		};
		986654BD26ADBC800047D2A7 /* Build configuration list for PBXNativeTarget "Papah" */ = {
			isa = XCConfigurationList;
			buildConfigurations = (
				986654BE26ADBC800047D2A7 /* Debug */,
				986654BF26ADBC800047D2A7 /* Release */,
			);
			defaultConfigurationIsVisible = 0;
			defaultConfigurationName = Release;
		};
		986654C026ADBC800047D2A7 /* Build configuration list for PBXNativeTarget "PapahTests" */ = {
			isa = XCConfigurationList;
			buildConfigurations = (
				986654C126ADBC800047D2A7 /* Debug */,
				986654C226ADBC800047D2A7 /* Release */,
			);
			defaultConfigurationIsVisible = 0;
			defaultConfigurationName = Release;
		};
/* End XCConfigurationList section */

/* Begin XCVersionGroup section */
		9866549C26ADBC7E0047D2A7 /* Papah.xcdatamodeld */ = {
			isa = XCVersionGroup;
			children = (
				9866549D26ADBC7E0047D2A7 /* Papah.xcdatamodel */,
			);
			currentVersion = 9866549D26ADBC7E0047D2A7 /* Papah.xcdatamodel */;
			path = Papah.xcdatamodeld;
			sourceTree = "<group>";
			versionGroupType = wrapper.xcdatamodel;
		};
/* End XCVersionGroup section */
	};
	rootObject = 9866548826ADBC7D0047D2A7 /* Project object */;
}
